PODS:
  - Airship (14.1.1):
    - Airship/Automation (= 14.1.1)
    - Airship/Core (= 14.1.1)
    - Airship/ExtendedActions (= 14.1.1)
    - Airship/MessageCenter (= 14.1.1)
  - Airship/Automation (14.1.1):
    - Airship/Core
  - Airship/Core (14.1.1)
  - Airship/ExtendedActions (14.1.1):
    - Airship/Core
  - Airship/MessageCenter (14.1.1):
    - Airship/Core
  - AppCenter (3.3.4):
    - AppCenter/Analytics (= 3.3.4)
    - AppCenter/Crashes (= 3.3.4)
  - AppCenter/Analytics (3.3.4):
    - AppCenter/Core
  - AppCenter/Core (3.3.4)
  - AppCenter/Crashes (3.3.4):
    - AppCenter/Core
  - Buglife (2.10.1)
  - DifferenceKit (1.1.5):
    - DifferenceKit/Core (= 1.1.5)
    - DifferenceKit/UIKitExtension (= 1.1.5)
  - DifferenceKit/Core (1.1.5)
  - DifferenceKit/UIKitExtension (1.1.5):
    - DifferenceKit/Core
  - JTAppleCalendar (7.1.6)
  - KeychainAccess (4.2.1)
  - Kingfisher (5.15.4):
    - Kingfisher/Core (= 5.15.4)
  - Kingfisher/Core (5.15.4)
  - qot_dal (1.0):
    - KeychainAccess
    - RealmSwift
    - SwiftyBeaver
  - R.swift (5.2.2):
    - R.swift.Library (~> 5.2.0)
  - R.swift.Library (5.2.0)
  - Realm (5.4.3):
    - Realm/Headers (= 5.4.3)
  - Realm/Headers (5.4.3)
  - RealmSwift (5.4.3):
    - Realm (= 5.4.3)
  - RSKImageCropper (2.3.0)
  - SVProgressHUD (2.2.5)
  - SwiftChart (1.0.1)
  - SwiftyBeaver (1.9.2)

DEPENDENCIES:
  - Airship
  - AppCenter
  - Buglife
  - DifferenceKit
  - JTAppleCalendar (= 7.1.6)
  - Kingfisher
  - "qot_dal (from `git@github.com:TIGNUM/qot_dal.git`)"
  - R.swift
  - RSKImageCropper
  - SVProgressHUD
  - "SwiftChart (from `git@github.com:SanggeonPark/SwiftChart.git`)"
  - SwiftyBeaver

SPEC REPOS:
  trunk:
    - Airship
    - AppCenter
    - Buglife
    - DifferenceKit
    - JTAppleCalendar
    - KeychainAccess
    - Kingfisher
    - R.swift
    - R.swift.Library
    - Realm
    - RealmSwift
    - RSKImageCropper
    - SVProgressHUD
    - SwiftyBeaver

EXTERNAL SOURCES:
  qot_dal:
    :git: "git@github.com:TIGNUM/qot_dal.git"
  SwiftChart:
    :git: "git@github.com:SanggeonPark/SwiftChart.git"

CHECKOUT OPTIONS:
  qot_dal:
    :commit: 40dab22bc85cf87126ef68c77b052c6c58b12cab
    :git: "git@github.com:TIGNUM/qot_dal.git"
  SwiftChart:
    :commit: e2065f8ec39df3748bfdd2b39120663786f68e26
    :git: "git@github.com:SanggeonPark/SwiftChart.git"

SPEC CHECKSUMS:
  Airship: b16fbc589e97cab679c8cebdcfa96e290787186b
  AppCenter: 0487be185c038ed2ecc5ed38219af1dcd280af23
  Buglife: bc8e4931ebe37b2901c6dbcb0ca6dd76f62a98c3
  DifferenceKit: 516f12e336ed65a3a0665847b5c3cb5cad4bd4ea
  JTAppleCalendar: abb30678f42a4ef8a340a932b1dcb8c85a33dac2
  KeychainAccess: 9b07f665298d13c3a85881bd3171f6f49b8151c1
  Kingfisher: 657dc1077e5bbbfff864194c79f29e35b722d062
  qot_dal: 74ec5a8e7531a98811d0e74cb98854494fec4ac3
  R.swift: 7c52cdc57a66840ffe6cbd8a823d732059d42a32
  R.swift.Library: 5ba4f1631300caf9a4d890186930da85d540769d
  Realm: e3d5fcc50fd79ddf87a2d86301f6edbf57531f84
  RealmSwift: db608068eccc54bce47928e8118bde13c120c307
  RSKImageCropper: c337eacdcbed50e695e5153ff0c2b861b6ebfa84
  SVProgressHUD: 1428aafac632c1f86f62aa4243ec12008d7a51d6
  SwiftChart: 6ed8c61f3731cc32e3cb92858dba339d08ddac87
  SwiftyBeaver: b8239f6bfe9e1ea3303e6139abc8c24228081d84

PODFILE CHECKSUM: 8a676c3c83abea5bfa2bdb6d1f60220c6c502369

COCOAPODS: 1.9.3
