PODS:
  - Airship (14.2.1):
    - Airship/Automation (= 14.2.1)
    - Airship/Core (= 14.2.1)
    - Airship/ExtendedActions (= 14.2.1)
    - Airship/MessageCenter (= 14.2.1)
  - Airship/Automation (14.2.1):
    - Airship/Core
  - Airship/Core (14.2.1)
  - Airship/ExtendedActions (14.2.1):
    - Airship/Core
  - Airship/MessageCenter (14.2.1):
    - Airship/Core
  - AppCenter (4.1.0):
    - AppCenter/Analytics (= 4.1.0)
    - AppCenter/Crashes (= 4.1.0)
  - AppCenter/Analytics (4.1.0):
    - AppCenter/Core
  - AppCenter/Core (4.1.0)
  - AppCenter/Crashes (4.1.0):
    - AppCenter/Core
  - Buglife (2.10.1)
  - DifferenceKit (1.1.5):
    - DifferenceKit/Core (= 1.1.5)
    - DifferenceKit/UIKitExtension (= 1.1.5)
  - DifferenceKit/Core (1.1.5)
  - DifferenceKit/UIKitExtension (1.1.5):
    - DifferenceKit/Core
  - JTAppleCalendar (7.1.6)
  - KeychainAccess (4.2.1)
  - Kingfisher (6.0.1)
  - qot_dal (1.0):
    - KeychainAccess
    - Realm (~> 10.5.0)
    - RealmSwift (~> 10.5.0)
    - SwiftyBeaver
  - R.swift (5.3.1):
    - R.swift.Library (~> 5.3.0)
  - R.swift.Library (5.3.0)
  - Realm (10.5.0):
    - Realm/Headers (= 10.5.0)
  - Realm/Headers (10.5.0)
  - RealmSwift (10.5.0):
    - Realm (= 10.5.0)
  - RSKImageCropper (3.0.1)
  - SVProgressHUD (2.2.5)
  - SwiftChart (1.0.1)
  - SwiftyBeaver (1.9.3)

DEPENDENCIES:
  - Airship
  - AppCenter
  - Buglife
  - DifferenceKit
  - JTAppleCalendar (= 7.1.6)
  - Kingfisher
  - "qot_dal (from `git@github.com:TIGNUM/qot_dal.git`)"
  - R.swift
  - RSKImageCropper
  - SVProgressHUD
  - "SwiftChart (from `git@github.com:SanggeonPark/SwiftChart.git`)"
  - SwiftyBeaver

SPEC REPOS:
  trunk:
    - Airship
    - AppCenter
    - Buglife
    - DifferenceKit
    - JTAppleCalendar
    - KeychainAccess
    - Kingfisher
    - R.swift
    - R.swift.Library
    - Realm
    - RealmSwift
    - RSKImageCropper
    - SVProgressHUD
    - SwiftyBeaver

EXTERNAL SOURCES:
  qot_dal:
    :git: "git@github.com:TIGNUM/qot_dal.git"
  SwiftChart:
    :git: "git@github.com:SanggeonPark/SwiftChart.git"

CHECKOUT OPTIONS:
  qot_dal:
    :commit: aadafe50b9fa21ad93cba6c042c5a22e179a7806
    :git: "git@github.com:TIGNUM/qot_dal.git"
  SwiftChart:
    :commit: e2065f8ec39df3748bfdd2b39120663786f68e26
    :git: "git@github.com:SanggeonPark/SwiftChart.git"

SPEC CHECKSUMS:
  Airship: 9d2bfec2bd9586ddee5d1dbeb15cf4fdbababf85
  AppCenter: 8832b158d17e54845c3b88a91076218f0b07174d
  Buglife: bc8e4931ebe37b2901c6dbcb0ca6dd76f62a98c3
  DifferenceKit: 516f12e336ed65a3a0665847b5c3cb5cad4bd4ea
  JTAppleCalendar: abb30678f42a4ef8a340a932b1dcb8c85a33dac2
  KeychainAccess: 9b07f665298d13c3a85881bd3171f6f49b8151c1
  Kingfisher: adde87a4f74f6a3845395769354efff593581740
  qot_dal: e3a53b00b3d01f3514b2de2c7d89337badf1a1ad
  R.swift: 56ec7e3aef34b9eee47a659e42462db2c1cc5ac3
  R.swift.Library: 0fc583cb55a99e28901299cc451614cad1161962
  Realm: e1c22c3d83b229afb70ebc10e1771c91e9542d12
  RealmSwift: 6fc078d9d3fd7e58c71bfdbb694e252462f112a5
  RSKImageCropper: 617b4976e4a0ca18f3ce84f6cfa5945e574b51a3
  SVProgressHUD: 1428aafac632c1f86f62aa4243ec12008d7a51d6
  SwiftChart: 6ed8c61f3731cc32e3cb92858dba339d08ddac87
  SwiftyBeaver: 2e8acd6fc90c6d0a27055867a290794926d57c02

PODFILE CHECKSUM: 8a676c3c83abea5bfa2bdb6d1f60220c6c502369

COCOAPODS: 1.10.1
