// !$*UTF8*$!
{
	archiveVersion = 1;
	classes = {
	};
	objectVersion = 46;
	objects = {

/* Begin PBXBuildFile section */
		0B40DC071E9CA65300E1659B /* PrepareContentViewController.xib in Resources */ = {isa = PBXBuildFile; fileRef = 0B40DC061E9CA65300E1659B /* PrepareContentViewController.xib */; };
		0B40DC0B1E9CA6A500E1659B /* PrepareContentTextTableViewCell.swift in Sources */ = {isa = PBXBuildFile; fileRef = 0B40DC091E9CA6A500E1659B /* PrepareContentTextTableViewCell.swift */; };
		0B40DC0C1E9CA6A500E1659B /* PrepareContentTextTableViewCell.xib in Resources */ = {isa = PBXBuildFile; fileRef = 0B40DC0A1E9CA6A500E1659B /* PrepareContentTextTableViewCell.xib */; };
		0B40DC0F1E9CA6E100E1659B /* PrepareContentVideoPreviewTableViewCell.swift in Sources */ = {isa = PBXBuildFile; fileRef = 0B40DC0D1E9CA6E100E1659B /* PrepareContentVideoPreviewTableViewCell.swift */; };
		0B40DC101E9CA6E100E1659B /* PrepareContentVideoPreviewTableViewCell.xib in Resources */ = {isa = PBXBuildFile; fileRef = 0B40DC0E1E9CA6E100E1659B /* PrepareContentVideoPreviewTableViewCell.xib */; };
		0B40DC151E9CA71400E1659B /* PrepareContentHeaderTableViewCell.swift in Sources */ = {isa = PBXBuildFile; fileRef = 0B40DC131E9CA71400E1659B /* PrepareContentHeaderTableViewCell.swift */; };
		0B40DC161E9CA71400E1659B /* PrepareContentHeaderTableViewCell.xib in Resources */ = {isa = PBXBuildFile; fileRef = 0B40DC141E9CA71400E1659B /* PrepareContentHeaderTableViewCell.xib */; };
		0BE7FD841E9CAC7400E3262E /* PrepareContentActionButtonsTableViewCell.swift in Sources */ = {isa = PBXBuildFile; fileRef = 0BE7FD821E9CAC7400E3262E /* PrepareContentActionButtonsTableViewCell.swift */; };
		0BE7FD851E9CAC7400E3262E /* PrepareContentActionButtonsTableViewCell.xib in Resources */ = {isa = PBXBuildFile; fileRef = 0BE7FD831E9CAC7400E3262E /* PrepareContentActionButtonsTableViewCell.xib */; };
		0BE7FD8A1E9D2AEF00E3262E /* PrepareContentStepTableViewCell.swift in Sources */ = {isa = PBXBuildFile; fileRef = 0BE7FD881E9D2AEF00E3262E /* PrepareContentStepTableViewCell.swift */; };
		0BE7FD8B1E9D2AEF00E3262E /* PrepareContentStepTableViewCell.xib in Resources */ = {isa = PBXBuildFile; fileRef = 0BE7FD891E9D2AEF00E3262E /* PrepareContentStepTableViewCell.xib */; };
		0BE7FD8F1E9D2F8800E3262E /* PrepareContentTitleTableViewCell.swift in Sources */ = {isa = PBXBuildFile; fileRef = 0BE7FD8D1E9D2F8800E3262E /* PrepareContentTitleTableViewCell.swift */; };
		0BE7FD901E9D2F8800E3262E /* PrepareContentTitleTableViewCell.xib in Resources */ = {isa = PBXBuildFile; fileRef = 0BE7FD8E1E9D2F8800E3262E /* PrepareContentTitleTableViewCell.xib */; };
		0CC2119BB6C36EF6F43B4ECD /* Pods_QOT.framework in Frameworks */ = {isa = PBXBuildFile; fileRef = 82E5AD3BA2AFF4C5836434DD /* Pods_QOT.framework */; };
		A29C0C8591D20568D6B8EB3E /* Pods_QOTTests.framework in Frameworks */ = {isa = PBXBuildFile; fileRef = CFD7A18F9C99304947181CD0 /* Pods_QOTTests.framework */; };
		CB1E4F981E7FE22200287613 /* SettingsViewModel.swift in Sources */ = {isa = PBXBuildFile; fileRef = CB1E4F971E7FE22200287613 /* SettingsViewModel.swift */; };
		CB1E4FDB1E80225800287613 /* EKParticipantTypeTests.swift in Sources */ = {isa = PBXBuildFile; fileRef = CB1E4FDA1E80225800287613 /* EKParticipantTypeTests.swift */; };
		CB1E4FDD1E8024E900287613 /* EKEventStatusTests.swift in Sources */ = {isa = PBXBuildFile; fileRef = CB1E4FDC1E8024E900287613 /* EKEventStatusTests.swift */; };
		CB2880221E7050EB0067890A /* Coordinator.swift in Sources */ = {isa = PBXBuildFile; fileRef = CB2880211E7050EB0067890A /* Coordinator.swift */; };
		CB2880241E7051710067890A /* AppCoordinator.swift in Sources */ = {isa = PBXBuildFile; fileRef = CB2880231E7051710067890A /* AppCoordinator.swift */; };
		CB2880281E7057790067890A /* RootViewController.swift in Sources */ = {isa = PBXBuildFile; fileRef = CB2880271E7057790067890A /* RootViewController.swift */; };
		CB2880341E7144E60067890A /* CollectionUpdate.swift in Sources */ = {isa = PBXBuildFile; fileRef = CB2880331E7144E60067890A /* CollectionUpdate.swift */; };
		CB369CDB1E8D3E5700522293 /* RealmProvider.swift in Sources */ = {isa = PBXBuildFile; fileRef = CB369CDA1E8D3E5700522293 /* RealmProvider.swift */; };
		CB369CDE1E8D3F5300522293 /* LearnContentService.swift in Sources */ = {isa = PBXBuildFile; fileRef = CB369CDD1E8D3F5300522293 /* LearnContentService.swift */; };
		CB369CE01E8D407C00522293 /* DataProvider.swift in Sources */ = {isa = PBXBuildFile; fileRef = CB369CDF1E8D407C00522293 /* DataProvider.swift */; };
		CB369CE21E8D5E3D00522293 /* Services.swift in Sources */ = {isa = PBXBuildFile; fileRef = CB369CE11E8D5E3D00522293 /* Services.swift */; };
		CB369CE51E8E46B600522293 /* LearnContent.swift in Sources */ = {isa = PBXBuildFile; fileRef = CB369CE41E8E46B600522293 /* LearnContent.swift */; };
		CB369CE71E8E470800522293 /* LearnCategory.swift in Sources */ = {isa = PBXBuildFile; fileRef = CB369CE61E8E470800522293 /* LearnCategory.swift */; };
		CB8A15221E769F1F0023B2F9 /* EventTracker.swift in Sources */ = {isa = PBXBuildFile; fileRef = CB8A15211E769F1F0023B2F9 /* EventTracker.swift */; };
		CB8A15271E76A1280023B2F9 /* PageEvent.swift in Sources */ = {isa = PBXBuildFile; fileRef = CB8A15261E76A1280023B2F9 /* PageEvent.swift */; };
		CB8A152F1E76F27D0023B2F9 /* PageID.swift in Sources */ = {isa = PBXBuildFile; fileRef = CB8A152E1E76F27D0023B2F9 /* PageID.swift */; };
		CB8A15311E76F31B0023B2F9 /* PageTrackable.swift in Sources */ = {isa = PBXBuildFile; fileRef = CB8A15301E76F31B0023B2F9 /* PageTrackable.swift */; };
		CB8A15331E76F56D0023B2F9 /* TrackableEntity.swift in Sources */ = {isa = PBXBuildFile; fileRef = CB8A15321E76F56D0023B2F9 /* TrackableEntity.swift */; };
		CB8A15351E77DB3B0023B2F9 /* PageEventTests.swift in Sources */ = {isa = PBXBuildFile; fileRef = CB8A15341E77DB3B0023B2F9 /* PageEventTests.swift */; };
		CB8A153A1E7801B90023B2F9 /* CalendarEvent.swift in Sources */ = {isa = PBXBuildFile; fileRef = CB8A15391E7801B90023B2F9 /* CalendarEvent.swift */; };
		CB8A153C1E78467D0023B2F9 /* CalendarEventParticipant.swift in Sources */ = {isa = PBXBuildFile; fileRef = CB8A153B1E78467D0023B2F9 /* CalendarEventParticipant.swift */; };
		CB8A15461E7986C90023B2F9 /* Localized.strings in Resources */ = {isa = PBXBuildFile; fileRef = CB8A15451E7986C90023B2F9 /* Localized.strings */; };
		CB8A154A1E7A7FA20023B2F9 /* CalendarImportManger.swift in Sources */ = {isa = PBXBuildFile; fileRef = CB8A15491E7A7FA20023B2F9 /* CalendarImportManger.swift */; };
		CB8A154C1E7A8AD30023B2F9 /* CalendarImportTask.swift in Sources */ = {isa = PBXBuildFile; fileRef = CB8A154B1E7A8AD30023B2F9 /* CalendarImportTask.swift */; };
		CBA054491E890560009E28D6 /* Dequeueable.swift in Sources */ = {isa = PBXBuildFile; fileRef = CBA054481E890560009E28D6 /* Dequeueable.swift */; };
		CBA4216F1E9276AF00CD4BC9 /* SidebarTableViewCell.xib in Resources */ = {isa = PBXBuildFile; fileRef = CBA4216D1E9276AF00CD4BC9 /* SidebarTableViewCell.xib */; };
		CBA421701E9276AF00CD4BC9 /* SidebarViewController.xib in Resources */ = {isa = PBXBuildFile; fileRef = CBA4216E1E9276AF00CD4BC9 /* SidebarViewController.xib */; };
		CBB237F01E6FFF1200AB5AEF /* AppDelegate.swift in Sources */ = {isa = PBXBuildFile; fileRef = CBB237EF1E6FFF1200AB5AEF /* AppDelegate.swift */; };
		CBB237F71E6FFF1200AB5AEF /* Assets.xcassets in Resources */ = {isa = PBXBuildFile; fileRef = CBB237F61E6FFF1200AB5AEF /* Assets.xcassets */; };
		CBB237FA1E6FFF1200AB5AEF /* LaunchScreen.storyboard in Resources */ = {isa = PBXBuildFile; fileRef = CBB237F81E6FFF1200AB5AEF /* LaunchScreen.storyboard */; };
		CBD791471E7172390006C590 /* LearnContentListCoordinator.swift in Sources */ = {isa = PBXBuildFile; fileRef = CBD791461E7172390006C590 /* LearnContentListCoordinator.swift */; };
		CBD7914A1E71797C0006C590 /* Typealiases.swift in Sources */ = {isa = PBXBuildFile; fileRef = CBD791491E71797C0006C590 /* Typealiases.swift */; };
		CBD791541E72A4BB0006C590 /* MockData.swift in Sources */ = {isa = PBXBuildFile; fileRef = CBD791531E72A4BB0006C590 /* MockData.swift */; };
		CBD7915C1E72F2990006C590 /* LaunchViewController.swift in Sources */ = {isa = PBXBuildFile; fileRef = CBD7915A1E72F2990006C590 /* LaunchViewController.swift */; };
		CBD7915D1E72F2990006C590 /* LaunchViewController.xib in Resources */ = {isa = PBXBuildFile; fileRef = CBD7915B1E72F2990006C590 /* LaunchViewController.xib */; };
		CBD7915F1E72FDC10006C590 /* LaunchViewModel.swift in Sources */ = {isa = PBXBuildFile; fileRef = CBD7915E1E72FDC10006C590 /* LaunchViewModel.swift */; };
		CBD791651E768AB70006C590 /* MainMenuViewController.swift in Sources */ = {isa = PBXBuildFile; fileRef = CBD791631E768AB70006C590 /* MainMenuViewController.swift */; };
		CBD791661E768AB70006C590 /* MainMenuViewController.xib in Resources */ = {isa = PBXBuildFile; fileRef = CBD791641E768AB70006C590 /* MainMenuViewController.xib */; };
		CBD791681E768CC00006C590 /* MainMenuCoordinator.swift in Sources */ = {isa = PBXBuildFile; fileRef = CBD791671E768CC00006C590 /* MainMenuCoordinator.swift */; };
		CBDB98F21E7AA510003EC73F /* CalendarImportResult.swift in Sources */ = {isa = PBXBuildFile; fileRef = CBDB98F11E7AA510003EC73F /* CalendarImportResult.swift */; };
		CBDB98F41E7B000A003EC73F /* NotificationHandler.swift in Sources */ = {isa = PBXBuildFile; fileRef = CBDB98F31E7B000A003EC73F /* NotificationHandler.swift */; };
		CBDB98F71E7BD192003EC73F /* CalendarImportTaskTests.swift in Sources */ = {isa = PBXBuildFile; fileRef = CBDB98F61E7BD192003EC73F /* CalendarImportTaskTests.swift */; };
		CBDB98F91E7BD26A003EC73F /* Realm+TestUtils.swift in Sources */ = {isa = PBXBuildFile; fileRef = CBDB98F81E7BD26A003EC73F /* Realm+TestUtils.swift */; };
		CBDB98FD1E7BE6AF003EC73F /* CalendarEventData.swift in Sources */ = {isa = PBXBuildFile; fileRef = CBDB98FC1E7BE6AF003EC73F /* CalendarEventData.swift */; };
		CBDB99021E7BE91D003EC73F /* EKEvent+CalendarEventData.swift in Sources */ = {isa = PBXBuildFile; fileRef = CBDB99011E7BE91D003EC73F /* EKEvent+CalendarEventData.swift */; };
		CBDB99081E7BEE05003EC73F /* EventStore.swift in Sources */ = {isa = PBXBuildFile; fileRef = CBDB99071E7BEE05003EC73F /* EventStore.swift */; };
		CBDB990A1E7BEECC003EC73F /* MockEventStore.swift in Sources */ = {isa = PBXBuildFile; fileRef = CBDB99091E7BEECC003EC73F /* MockEventStore.swift */; };
		CBDB990C1E7BEEDA003EC73F /* MockCalendarEventData.swift in Sources */ = {isa = PBXBuildFile; fileRef = CBDB990B1E7BEEDA003EC73F /* MockCalendarEventData.swift */; };
		CBDB990E1E7BFD05003EC73F /* CalendarEventParticipantData.swift in Sources */ = {isa = PBXBuildFile; fileRef = CBDB990D1E7BFD05003EC73F /* CalendarEventParticipantData.swift */; };
		CBDB99101E7BFE4D003EC73F /* EKParticipant+CalendarEventParticipantData.swift in Sources */ = {isa = PBXBuildFile; fileRef = CBDB990F1E7BFE4D003EC73F /* EKParticipant+CalendarEventParticipantData.swift */; };
		CBDB99121E7BFEED003EC73F /* MockCalendarEventParticipantData.swift in Sources */ = {isa = PBXBuildFile; fileRef = CBDB99111E7BFEED003EC73F /* MockCalendarEventParticipantData.swift */; };
		CC37B1311E93CDD600651C46 /* QOTDatabase.framework in Frameworks */ = {isa = PBXBuildFile; fileRef = CC37B1301E93CDD600651C46 /* QOTDatabase.framework */; };
		CC3DFB641E83BDA300FF28DF /* Utils.swift in Sources */ = {isa = PBXBuildFile; fileRef = CC3DFB631E83BDA300FF28DF /* Utils.swift */; };
		CC3DFB661E83C19C00FF28DF /* Defines.swift in Sources */ = {isa = PBXBuildFile; fileRef = CC3DFB651E83C19C00FF28DF /* Defines.swift */; };
		CC4D1D7C1E82E75300B8D75E /* MeSectionViewController.swift in Sources */ = {isa = PBXBuildFile; fileRef = CC4D1D7B1E82E75300B8D75E /* MeSectionViewController.swift */; };
		CC4D1D801E82EDE700B8D75E /* MeSectionCoordinator.swift in Sources */ = {isa = PBXBuildFile; fileRef = CC4D1D7F1E82EDE700B8D75E /* MeSectionCoordinator.swift */; };
		CC6B3A291E8158B200E7FDFD /* PresentationManager.swift in Sources */ = {isa = PBXBuildFile; fileRef = CC6B3A281E8158B200E7FDFD /* PresentationManager.swift */; };
		CC6B3A2D1E8163A200E7FDFD /* FadeInOutPresentationController.swift in Sources */ = {isa = PBXBuildFile; fileRef = CC6B3A2C1E8163A200E7FDFD /* FadeInOutPresentationController.swift */; };
		CC6B3A2F1E8166A500E7FDFD /* FadeInOutPresentationAnimator.swift in Sources */ = {isa = PBXBuildFile; fileRef = CC6B3A2E1E8166A500E7FDFD /* FadeInOutPresentationAnimator.swift */; };
		CC6B3A311E81713200E7FDFD /* Constants.swift in Sources */ = {isa = PBXBuildFile; fileRef = CC6B3A301E81713200E7FDFD /* Constants.swift */; };
		CCAF03241E801B0E00015125 /* SettingsCoordinator.swift in Sources */ = {isa = PBXBuildFile; fileRef = CCAF03211E801B0E00015125 /* SettingsCoordinator.swift */; };
		CCAF03251E801B0E00015125 /* SettingsViewController.swift in Sources */ = {isa = PBXBuildFile; fileRef = CCAF03221E801B0E00015125 /* SettingsViewController.swift */; };
		CCAF03261E801B0E00015125 /* SettingsViewControllerDelegate.swift in Sources */ = {isa = PBXBuildFile; fileRef = CCAF03231E801B0E00015125 /* SettingsViewControllerDelegate.swift */; };
		CCAF03281E802A6200015125 /* SettingsViewController.xib in Resources */ = {isa = PBXBuildFile; fileRef = CCAF03271E802A6200015125 /* SettingsViewController.xib */; };
		CCAF032A1E8035C800015125 /* SettingsTableViewCell.swift in Sources */ = {isa = PBXBuildFile; fileRef = CCAF03291E8035C800015125 /* SettingsTableViewCell.swift */; };
		CCAF032C1E80362700015125 /* SettingsTableViewCell.xib in Resources */ = {isa = PBXBuildFile; fileRef = CCAF032B1E80362700015125 /* SettingsTableViewCell.xib */; };
		CCC0C4BE1E82730E002A8362 /* Extensions.swift in Sources */ = {isa = PBXBuildFile; fileRef = CCC0C4BD1E82730E002A8362 /* Extensions.swift */; };
		CCC0C4CA1E827F87002A8362 /* BentonSans_Book.otf in Resources */ = {isa = PBXBuildFile; fileRef = CCC0C4C91E827F87002A8362 /* BentonSans_Book.otf */; };
		CCC0C4CC1E828007002A8362 /* BentonSans_Regular.otf in Resources */ = {isa = PBXBuildFile; fileRef = CCC0C4CB1E828007002A8362 /* BentonSans_Regular.otf */; };
		CCC0C4D41E82A8D9002A8362 /* Simple-Regular.ttf in Resources */ = {isa = PBXBuildFile; fileRef = CCC0C4D31E82A8D9002A8362 /* Simple-Regular.ttf */; };
		CCC0C4D61E82B405002A8362 /* R.generated.swift in Sources */ = {isa = PBXBuildFile; fileRef = CCC0C4D51E82B405002A8362 /* R.generated.swift */; };
		CCC0C4DB1E82BDEF002A8362 /* TabBarCoordinator.swift in Sources */ = {isa = PBXBuildFile; fileRef = CCC0C4DA1E82BDEF002A8362 /* TabBarCoordinator.swift */; };
		CCC1B6A71E8B9B7300D1461F /* LearnCategoryCell.swift in Sources */ = {isa = PBXBuildFile; fileRef = CCC1B6A21E8B9B7300D1461F /* LearnCategoryCell.swift */; };
		CCC1B6A81E8B9B7300D1461F /* LearnCategoryLayout.swift in Sources */ = {isa = PBXBuildFile; fileRef = CCC1B6A31E8B9B7300D1461F /* LearnCategoryLayout.swift */; };
		CCC1B6A91E8B9B7300D1461F /* LearnCategoryListViewController.swift in Sources */ = {isa = PBXBuildFile; fileRef = CCC1B6A41E8B9B7300D1461F /* LearnCategoryListViewController.swift */; };
		CCC1B6AA1E8B9B7300D1461F /* LearnCategoryListViewController.xib in Resources */ = {isa = PBXBuildFile; fileRef = CCC1B6A51E8B9B7300D1461F /* LearnCategoryListViewController.xib */; };
		CCC1B6AB1E8B9B7300D1461F /* LearnCategoryListViewModel.swift in Sources */ = {isa = PBXBuildFile; fileRef = CCC1B6A61E8B9B7300D1461F /* LearnCategoryListViewModel.swift */; };
		CCC1B6AE1E8B9B7F00D1461F /* LearnContentListViewController.swift in Sources */ = {isa = PBXBuildFile; fileRef = CCC1B6AC1E8B9B7F00D1461F /* LearnContentListViewController.swift */; };
		CCC1B6AF1E8B9B7F00D1461F /* LearnContentListViewModel.swift in Sources */ = {isa = PBXBuildFile; fileRef = CCC1B6AD1E8B9B7F00D1461F /* LearnContentListViewModel.swift */; };
		CCC1B6B11E8B9FDA00D1461F /* LearnStrategyViewModel.swift in Sources */ = {isa = PBXBuildFile; fileRef = CCC1B6B01E8B9FDA00D1461F /* LearnStrategyViewModel.swift */; };
		CCC1B6B31E8BA71500D1461F /* LearnStrategyViewController.swift in Sources */ = {isa = PBXBuildFile; fileRef = CCC1B6B21E8BA71500D1461F /* LearnStrategyViewController.swift */; };
		CCCC211C1E8981AD00133839 /* ChatViewController.swift in Sources */ = {isa = PBXBuildFile; fileRef = CCCC211A1E8981AD00133839 /* ChatViewController.swift */; };
		CCCC211D1E8981AD00133839 /* ChatViewModel.swift in Sources */ = {isa = PBXBuildFile; fileRef = CCCC211B1E8981AD00133839 /* ChatViewModel.swift */; };
		CCCC21221E8981CA00133839 /* PrepareContentViewController.swift in Sources */ = {isa = PBXBuildFile; fileRef = CCCC21201E8981CA00133839 /* PrepareContentViewController.swift */; };
		CCCC21231E8981CA00133839 /* PrepareContentViewModel.swift in Sources */ = {isa = PBXBuildFile; fileRef = CCCC21211E8981CA00133839 /* PrepareContentViewModel.swift */; };
		CCD377531E8D3C2D00BB8031 /* WhatsHotNewTemplateViewController.swift in Sources */ = {isa = PBXBuildFile; fileRef = CCD377511E8D3C2D00BB8031 /* WhatsHotNewTemplateViewController.swift */; };
		CCD377541E8D3C2D00BB8031 /* WhatsHotNewTemplateViewModel.swift in Sources */ = {isa = PBXBuildFile; fileRef = CCD377521E8D3C2D00BB8031 /* WhatsHotNewTemplateViewModel.swift */; };
		CCE06FE01E8D44FC009C5AD2 /* LibraryCoordinator.swift in Sources */ = {isa = PBXBuildFile; fileRef = CCE06FDF1E8D44FC009C5AD2 /* LibraryCoordinator.swift */; };
		CCE372F31E8C1EDF00B79352 /* WhatsHotViewModel.swift in Sources */ = {isa = PBXBuildFile; fileRef = CCE372F21E8C1EDF00B79352 /* WhatsHotViewModel.swift */; };
		CCE372F51E8CF10C00B79352 /* WhatsHotViewController.swift in Sources */ = {isa = PBXBuildFile; fileRef = CCE372F41E8CF10C00B79352 /* WhatsHotViewController.swift */; };
		CCE372FD1E8D2AD100B79352 /* MyPrepViewController.swift in Sources */ = {isa = PBXBuildFile; fileRef = CCE372FC1E8D2AD100B79352 /* MyPrepViewController.swift */; };
		CCE372FF1E8D2AE700B79352 /* MyPrepViewModel.swift in Sources */ = {isa = PBXBuildFile; fileRef = CCE372FE1E8D2AE700B79352 /* MyPrepViewModel.swift */; };
		CCE373081E8D32CF00B79352 /* LibraryViewController.swift in Sources */ = {isa = PBXBuildFile; fileRef = CCE373071E8D32CF00B79352 /* LibraryViewController.swift */; };
		CCE3730F1E8D32F800B79352 /* SidebarCoordinator.swift in Sources */ = {isa = PBXBuildFile; fileRef = CCE373091E8D32F800B79352 /* SidebarCoordinator.swift */; };
		CCE373101E8D32F800B79352 /* SidebarTableViewCell.swift in Sources */ = {isa = PBXBuildFile; fileRef = CCE3730A1E8D32F800B79352 /* SidebarTableViewCell.swift */; };
		CCE373141E8D32F800B79352 /* SidebarViewModel.swift in Sources */ = {isa = PBXBuildFile; fileRef = CCE3730E1E8D32F800B79352 /* SidebarViewModel.swift */; };
		CCE373161E8D330100B79352 /* LibraryViewModel.swift in Sources */ = {isa = PBXBuildFile; fileRef = CCE373151E8D330100B79352 /* LibraryViewModel.swift */; };
		CCEA22A41E8AC53E003D0CF4 /* PrepareCheckListViewController.swift in Sources */ = {isa = PBXBuildFile; fileRef = CCEA22A21E8AC53D003D0CF4 /* PrepareCheckListViewController.swift */; };
		CCEA22A51E8AC53E003D0CF4 /* PrepareCheckListViewModel.swift in Sources */ = {isa = PBXBuildFile; fileRef = CCEA22A31E8AC53D003D0CF4 /* PrepareCheckListViewModel.swift */; };
		CCEA22A91E8AC55F003D0CF4 /* PrepareEventsViewController.swift in Sources */ = {isa = PBXBuildFile; fileRef = CCEA22A71E8AC55F003D0CF4 /* PrepareEventsViewController.swift */; };
		CCEA22AA1E8AC55F003D0CF4 /* PrepareEventsViewModel.swift in Sources */ = {isa = PBXBuildFile; fileRef = CCEA22A81E8AC55F003D0CF4 /* PrepareEventsViewModel.swift */; };
		CCEFCFB01E8D3D7500E9FC72 /* SidebarViewController.swift in Sources */ = {isa = PBXBuildFile; fileRef = CCEFCFAE1E8D3D7500E9FC72 /* SidebarViewController.swift */; };
		CCFCACC01E8D5DD100EA3119 /* BenefitsViewController.swift in Sources */ = {isa = PBXBuildFile; fileRef = CCFCACBE1E8D5DD100EA3119 /* BenefitsViewController.swift */; };
		CCFCACC11E8D5DD100EA3119 /* BenefitsViewModel.swift in Sources */ = {isa = PBXBuildFile; fileRef = CCFCACBF1E8D5DD100EA3119 /* BenefitsViewModel.swift */; };
		CCFCACC31E8D5FDF00EA3119 /* BenefitsCoordinator.swift in Sources */ = {isa = PBXBuildFile; fileRef = CCFCACC21E8D5FDF00EA3119 /* BenefitsCoordinator.swift */; };
		D51B5C491E8D0E7E0084A65B /* LearnContentCell.swift in Sources */ = {isa = PBXBuildFile; fileRef = D51B5C471E8D0E7E0084A65B /* LearnContentCell.swift */; };
		D51B5C4A1E8D0E7E0084A65B /* LearnContentLayout.swift in Sources */ = {isa = PBXBuildFile; fileRef = D51B5C481E8D0E7E0084A65B /* LearnContentLayout.swift */; };
		D51B5C4C1E8D133B0084A65B /* LearnStrategyCoordinator.swift in Sources */ = {isa = PBXBuildFile; fileRef = D51B5C4B1E8D133B0084A65B /* LearnStrategyCoordinator.swift */; };
		D51D08831E8E806E00FC7567 /* LearnStrategyTextCell.swift in Sources */ = {isa = PBXBuildFile; fileRef = D51D08811E8E806E00FC7567 /* LearnStrategyTextCell.swift */; };
		D51D08841E8E806E00FC7567 /* LearnStrategyTextCell.xib in Resources */ = {isa = PBXBuildFile; fileRef = D51D08821E8E806E00FC7567 /* LearnStrategyTextCell.xib */; };
		D51D08871E8E80AF00FC7567 /* LearnStrategyVideoCell.swift in Sources */ = {isa = PBXBuildFile; fileRef = D51D08851E8E80AF00FC7567 /* LearnStrategyVideoCell.swift */; };
		D51D08881E8E80AF00FC7567 /* LearnStrategyVideoCell.xib in Resources */ = {isa = PBXBuildFile; fileRef = D51D08861E8E80AF00FC7567 /* LearnStrategyVideoCell.xib */; };
		D51D088B1E8E80CD00FC7567 /* LearnStrategyArticleCell.swift in Sources */ = {isa = PBXBuildFile; fileRef = D51D08891E8E80CD00FC7567 /* LearnStrategyArticleCell.swift */; };
		D51D088C1E8E80CD00FC7567 /* LearnStrategyArticleCell.xib in Resources */ = {isa = PBXBuildFile; fileRef = D51D088A1E8E80CD00FC7567 /* LearnStrategyArticleCell.xib */; };
		D520BC931E8E655A00A2D107 /* LearnStrategyHeaderCell.swift in Sources */ = {isa = PBXBuildFile; fileRef = D520BC911E8E655A00A2D107 /* LearnStrategyHeaderCell.swift */; };
		D520BC941E8E655A00A2D107 /* LearnStrategyHeaderCell.xib in Resources */ = {isa = PBXBuildFile; fileRef = D520BC921E8E655A00A2D107 /* LearnStrategyHeaderCell.xib */; };
		D540275F1E8D401F0013B783 /* LearnStrategyViewController.xib in Resources */ = {isa = PBXBuildFile; fileRef = D540275D1E8D401F0013B783 /* LearnStrategyViewController.xib */; };
		D55CBED71E8A993200C690FB /* CGPoint+Convenience.swift in Sources */ = {isa = PBXBuildFile; fileRef = D55CBED61E8A993200C690FB /* CGPoint+Convenience.swift */; };
		D57ECFB01E924CC2008F401B /* TabBarView.swift in Sources */ = {isa = PBXBuildFile; fileRef = D57ECFAF1E924CC2008F401B /* TabBarView.swift */; };
		D5CD23D81E8BB73A002742C4 /* TabBarController.swift in Sources */ = {isa = PBXBuildFile; fileRef = D5CD23D71E8BB73A002742C4 /* TabBarController.swift */; };
/* End PBXBuildFile section */

/* Begin PBXContainerItemProxy section */
		CBB238011E6FFF1200AB5AEF /* PBXContainerItemProxy */ = {
			isa = PBXContainerItemProxy;
			containerPortal = CBB237E41E6FFF1200AB5AEF /* Project object */;
			proxyType = 1;
			remoteGlobalIDString = CBB237EB1E6FFF1200AB5AEF;
			remoteInfo = QOT;
		};
/* End PBXContainerItemProxy section */

/* Begin PBXFileReference section */
		0B40DC061E9CA65300E1659B /* PrepareContentViewController.xib */ = {isa = PBXFileReference; fileEncoding = 4; lastKnownFileType = file.xib; path = PrepareContentViewController.xib; sourceTree = "<group>"; };
		0B40DC091E9CA6A500E1659B /* PrepareContentTextTableViewCell.swift */ = {isa = PBXFileReference; fileEncoding = 4; lastKnownFileType = sourcecode.swift; name = PrepareContentTextTableViewCell.swift; path = PrepareContentTextTableViewCell/PrepareContentTextTableViewCell.swift; sourceTree = "<group>"; };
		0B40DC0A1E9CA6A500E1659B /* PrepareContentTextTableViewCell.xib */ = {isa = PBXFileReference; fileEncoding = 4; lastKnownFileType = file.xib; name = PrepareContentTextTableViewCell.xib; path = PrepareContentTextTableViewCell/PrepareContentTextTableViewCell.xib; sourceTree = "<group>"; };
		0B40DC0D1E9CA6E100E1659B /* PrepareContentVideoPreviewTableViewCell.swift */ = {isa = PBXFileReference; fileEncoding = 4; lastKnownFileType = sourcecode.swift; name = PrepareContentVideoPreviewTableViewCell.swift; path = PrepareContentViedeoPreviewTableViewCell/PrepareContentVideoPreviewTableViewCell.swift; sourceTree = "<group>"; };
		0B40DC0E1E9CA6E100E1659B /* PrepareContentVideoPreviewTableViewCell.xib */ = {isa = PBXFileReference; fileEncoding = 4; lastKnownFileType = file.xib; name = PrepareContentVideoPreviewTableViewCell.xib; path = PrepareContentViedeoPreviewTableViewCell/PrepareContentVideoPreviewTableViewCell.xib; sourceTree = "<group>"; };
		0B40DC131E9CA71400E1659B /* PrepareContentHeaderTableViewCell.swift */ = {isa = PBXFileReference; fileEncoding = 4; lastKnownFileType = sourcecode.swift; name = PrepareContentHeaderTableViewCell.swift; path = PrepareContentHeaderTableViewCell/PrepareContentHeaderTableViewCell.swift; sourceTree = "<group>"; };
		0B40DC141E9CA71400E1659B /* PrepareContentHeaderTableViewCell.xib */ = {isa = PBXFileReference; fileEncoding = 4; lastKnownFileType = file.xib; name = PrepareContentHeaderTableViewCell.xib; path = PrepareContentHeaderTableViewCell/PrepareContentHeaderTableViewCell.xib; sourceTree = "<group>"; };
		0BE7FD821E9CAC7400E3262E /* PrepareContentActionButtonsTableViewCell.swift */ = {isa = PBXFileReference; fileEncoding = 4; lastKnownFileType = sourcecode.swift; name = PrepareContentActionButtonsTableViewCell.swift; path = PrepareContentActionButtonsTableViewCell/PrepareContentActionButtonsTableViewCell.swift; sourceTree = "<group>"; };
		0BE7FD831E9CAC7400E3262E /* PrepareContentActionButtonsTableViewCell.xib */ = {isa = PBXFileReference; fileEncoding = 4; lastKnownFileType = file.xib; name = PrepareContentActionButtonsTableViewCell.xib; path = PrepareContentActionButtonsTableViewCell/PrepareContentActionButtonsTableViewCell.xib; sourceTree = "<group>"; };
		0BE7FD881E9D2AEF00E3262E /* PrepareContentStepTableViewCell.swift */ = {isa = PBXFileReference; fileEncoding = 4; lastKnownFileType = sourcecode.swift; name = PrepareContentStepTableViewCell.swift; path = PrepareContentStepTableViewCell/PrepareContentStepTableViewCell.swift; sourceTree = "<group>"; };
		0BE7FD891E9D2AEF00E3262E /* PrepareContentStepTableViewCell.xib */ = {isa = PBXFileReference; fileEncoding = 4; lastKnownFileType = file.xib; name = PrepareContentStepTableViewCell.xib; path = PrepareContentStepTableViewCell/PrepareContentStepTableViewCell.xib; sourceTree = "<group>"; };
		0BE7FD8D1E9D2F8800E3262E /* PrepareContentTitleTableViewCell.swift */ = {isa = PBXFileReference; fileEncoding = 4; lastKnownFileType = sourcecode.swift; name = PrepareContentTitleTableViewCell.swift; path = PrepareContentTitleTableViewCell/PrepareContentTitleTableViewCell.swift; sourceTree = "<group>"; };
		0BE7FD8E1E9D2F8800E3262E /* PrepareContentTitleTableViewCell.xib */ = {isa = PBXFileReference; fileEncoding = 4; lastKnownFileType = file.xib; name = PrepareContentTitleTableViewCell.xib; path = PrepareContentTitleTableViewCell/PrepareContentTitleTableViewCell.xib; sourceTree = "<group>"; };
		2F1C8D6D4864F462A3F805BB /* Pods-QOT.release.xcconfig */ = {isa = PBXFileReference; includeInIndex = 1; lastKnownFileType = text.xcconfig; name = "Pods-QOT.release.xcconfig"; path = "Pods/Target Support Files/Pods-QOT/Pods-QOT.release.xcconfig"; sourceTree = "<group>"; };
		42795728C4F3229DFB18981E /* Pods-QOT.debug.xcconfig */ = {isa = PBXFileReference; includeInIndex = 1; lastKnownFileType = text.xcconfig; name = "Pods-QOT.debug.xcconfig"; path = "Pods/Target Support Files/Pods-QOT/Pods-QOT.debug.xcconfig"; sourceTree = "<group>"; };
		5C87601C1FE7F833DF0D7A6B /* Pods-QOTTests.release.xcconfig */ = {isa = PBXFileReference; includeInIndex = 1; lastKnownFileType = text.xcconfig; name = "Pods-QOTTests.release.xcconfig"; path = "Pods/Target Support Files/Pods-QOTTests/Pods-QOTTests.release.xcconfig"; sourceTree = "<group>"; };
		82E5AD3BA2AFF4C5836434DD /* Pods_QOT.framework */ = {isa = PBXFileReference; explicitFileType = wrapper.framework; includeInIndex = 0; path = Pods_QOT.framework; sourceTree = BUILT_PRODUCTS_DIR; };
		97F1D8A9256524F33CBB9303 /* Pods-QOTTests.debug.xcconfig */ = {isa = PBXFileReference; includeInIndex = 1; lastKnownFileType = text.xcconfig; name = "Pods-QOTTests.debug.xcconfig"; path = "Pods/Target Support Files/Pods-QOTTests/Pods-QOTTests.debug.xcconfig"; sourceTree = "<group>"; };
		CB1E4F971E7FE22200287613 /* SettingsViewModel.swift */ = {isa = PBXFileReference; fileEncoding = 4; lastKnownFileType = sourcecode.swift; path = SettingsViewModel.swift; sourceTree = "<group>"; };
		CB1E4FDA1E80225800287613 /* EKParticipantTypeTests.swift */ = {isa = PBXFileReference; fileEncoding = 4; lastKnownFileType = sourcecode.swift; path = EKParticipantTypeTests.swift; sourceTree = "<group>"; };
		CB1E4FDC1E8024E900287613 /* EKEventStatusTests.swift */ = {isa = PBXFileReference; fileEncoding = 4; lastKnownFileType = sourcecode.swift; path = EKEventStatusTests.swift; sourceTree = "<group>"; };
		CB2880211E7050EB0067890A /* Coordinator.swift */ = {isa = PBXFileReference; fileEncoding = 4; lastKnownFileType = sourcecode.swift; path = Coordinator.swift; sourceTree = "<group>"; };
		CB2880231E7051710067890A /* AppCoordinator.swift */ = {isa = PBXFileReference; fileEncoding = 4; lastKnownFileType = sourcecode.swift; path = AppCoordinator.swift; sourceTree = "<group>"; };
		CB2880271E7057790067890A /* RootViewController.swift */ = {isa = PBXFileReference; fileEncoding = 4; lastKnownFileType = sourcecode.swift; path = RootViewController.swift; sourceTree = "<group>"; };
		CB2880331E7144E60067890A /* CollectionUpdate.swift */ = {isa = PBXFileReference; fileEncoding = 4; lastKnownFileType = sourcecode.swift; path = CollectionUpdate.swift; sourceTree = "<group>"; };
		CB369CDA1E8D3E5700522293 /* RealmProvider.swift */ = {isa = PBXFileReference; fileEncoding = 4; lastKnownFileType = sourcecode.swift; path = RealmProvider.swift; sourceTree = "<group>"; };
		CB369CDD1E8D3F5300522293 /* LearnContentService.swift */ = {isa = PBXFileReference; fileEncoding = 4; lastKnownFileType = sourcecode.swift; path = LearnContentService.swift; sourceTree = "<group>"; };
		CB369CDF1E8D407C00522293 /* DataProvider.swift */ = {isa = PBXFileReference; fileEncoding = 4; lastKnownFileType = sourcecode.swift; path = DataProvider.swift; sourceTree = "<group>"; };
		CB369CE11E8D5E3D00522293 /* Services.swift */ = {isa = PBXFileReference; fileEncoding = 4; lastKnownFileType = sourcecode.swift; path = Services.swift; sourceTree = "<group>"; };
		CB369CE41E8E46B600522293 /* LearnContent.swift */ = {isa = PBXFileReference; fileEncoding = 4; lastKnownFileType = sourcecode.swift; path = LearnContent.swift; sourceTree = "<group>"; };
		CB369CE61E8E470800522293 /* LearnCategory.swift */ = {isa = PBXFileReference; fileEncoding = 4; lastKnownFileType = sourcecode.swift; path = LearnCategory.swift; sourceTree = "<group>"; };
		CB8A15211E769F1F0023B2F9 /* EventTracker.swift */ = {isa = PBXFileReference; fileEncoding = 4; lastKnownFileType = sourcecode.swift; path = EventTracker.swift; sourceTree = "<group>"; };
		CB8A15261E76A1280023B2F9 /* PageEvent.swift */ = {isa = PBXFileReference; fileEncoding = 4; lastKnownFileType = sourcecode.swift; path = PageEvent.swift; sourceTree = "<group>"; };
		CB8A152E1E76F27D0023B2F9 /* PageID.swift */ = {isa = PBXFileReference; fileEncoding = 4; lastKnownFileType = sourcecode.swift; path = PageID.swift; sourceTree = "<group>"; };
		CB8A15301E76F31B0023B2F9 /* PageTrackable.swift */ = {isa = PBXFileReference; fileEncoding = 4; lastKnownFileType = sourcecode.swift; path = PageTrackable.swift; sourceTree = "<group>"; };
		CB8A15321E76F56D0023B2F9 /* TrackableEntity.swift */ = {isa = PBXFileReference; fileEncoding = 4; lastKnownFileType = sourcecode.swift; path = TrackableEntity.swift; sourceTree = "<group>"; };
		CB8A15341E77DB3B0023B2F9 /* PageEventTests.swift */ = {isa = PBXFileReference; fileEncoding = 4; lastKnownFileType = sourcecode.swift; path = PageEventTests.swift; sourceTree = "<group>"; };
		CB8A15391E7801B90023B2F9 /* CalendarEvent.swift */ = {isa = PBXFileReference; fileEncoding = 4; lastKnownFileType = sourcecode.swift; path = CalendarEvent.swift; sourceTree = "<group>"; };
		CB8A153B1E78467D0023B2F9 /* CalendarEventParticipant.swift */ = {isa = PBXFileReference; fileEncoding = 4; lastKnownFileType = sourcecode.swift; path = CalendarEventParticipant.swift; sourceTree = "<group>"; };
		CB8A15451E7986C90023B2F9 /* Localized.strings */ = {isa = PBXFileReference; fileEncoding = 4; lastKnownFileType = text.plist.strings; path = Localized.strings; sourceTree = "<group>"; };
		CB8A15491E7A7FA20023B2F9 /* CalendarImportManger.swift */ = {isa = PBXFileReference; fileEncoding = 4; lastKnownFileType = sourcecode.swift; path = CalendarImportManger.swift; sourceTree = "<group>"; };
		CB8A154B1E7A8AD30023B2F9 /* CalendarImportTask.swift */ = {isa = PBXFileReference; fileEncoding = 4; lastKnownFileType = sourcecode.swift; path = CalendarImportTask.swift; sourceTree = "<group>"; };
		CBA054481E890560009E28D6 /* Dequeueable.swift */ = {isa = PBXFileReference; fileEncoding = 4; lastKnownFileType = sourcecode.swift; path = Dequeueable.swift; sourceTree = "<group>"; };
		CBA4216D1E9276AF00CD4BC9 /* SidebarTableViewCell.xib */ = {isa = PBXFileReference; fileEncoding = 4; lastKnownFileType = file.xib; path = SidebarTableViewCell.xib; sourceTree = "<group>"; };
		CBA4216E1E9276AF00CD4BC9 /* SidebarViewController.xib */ = {isa = PBXFileReference; fileEncoding = 4; lastKnownFileType = file.xib; path = SidebarViewController.xib; sourceTree = "<group>"; };
		CBB237EC1E6FFF1200AB5AEF /* QOT.app */ = {isa = PBXFileReference; explicitFileType = wrapper.application; includeInIndex = 0; path = QOT.app; sourceTree = BUILT_PRODUCTS_DIR; };
		CBB237EF1E6FFF1200AB5AEF /* AppDelegate.swift */ = {isa = PBXFileReference; lastKnownFileType = sourcecode.swift; path = AppDelegate.swift; sourceTree = "<group>"; };
		CBB237F61E6FFF1200AB5AEF /* Assets.xcassets */ = {isa = PBXFileReference; lastKnownFileType = folder.assetcatalog; path = Assets.xcassets; sourceTree = "<group>"; };
		CBB237F91E6FFF1200AB5AEF /* Base */ = {isa = PBXFileReference; lastKnownFileType = file.storyboard; name = Base; path = Base.lproj/LaunchScreen.storyboard; sourceTree = "<group>"; };
		CBB237FB1E6FFF1200AB5AEF /* Info.plist */ = {isa = PBXFileReference; lastKnownFileType = text.plist.xml; path = Info.plist; sourceTree = "<group>"; };
		CBB238001E6FFF1200AB5AEF /* QOTTests.xctest */ = {isa = PBXFileReference; explicitFileType = wrapper.cfbundle; includeInIndex = 0; path = QOTTests.xctest; sourceTree = BUILT_PRODUCTS_DIR; };
		CBB238061E6FFF1200AB5AEF /* Info.plist */ = {isa = PBXFileReference; lastKnownFileType = text.plist.xml; path = Info.plist; sourceTree = "<group>"; };
		CBD791461E7172390006C590 /* LearnContentListCoordinator.swift */ = {isa = PBXFileReference; fileEncoding = 4; lastKnownFileType = sourcecode.swift; path = LearnContentListCoordinator.swift; sourceTree = "<group>"; };
		CBD791491E71797C0006C590 /* Typealiases.swift */ = {isa = PBXFileReference; fileEncoding = 4; lastKnownFileType = sourcecode.swift; path = Typealiases.swift; sourceTree = "<group>"; };
		CBD791531E72A4BB0006C590 /* MockData.swift */ = {isa = PBXFileReference; fileEncoding = 4; lastKnownFileType = sourcecode.swift; path = MockData.swift; sourceTree = "<group>"; };
		CBD7915A1E72F2990006C590 /* LaunchViewController.swift */ = {isa = PBXFileReference; fileEncoding = 4; lastKnownFileType = sourcecode.swift; path = LaunchViewController.swift; sourceTree = "<group>"; };
		CBD7915B1E72F2990006C590 /* LaunchViewController.xib */ = {isa = PBXFileReference; fileEncoding = 4; lastKnownFileType = file.xib; path = LaunchViewController.xib; sourceTree = "<group>"; };
		CBD7915E1E72FDC10006C590 /* LaunchViewModel.swift */ = {isa = PBXFileReference; fileEncoding = 4; lastKnownFileType = sourcecode.swift; path = LaunchViewModel.swift; sourceTree = "<group>"; };
		CBD791631E768AB70006C590 /* MainMenuViewController.swift */ = {isa = PBXFileReference; fileEncoding = 4; lastKnownFileType = sourcecode.swift; path = MainMenuViewController.swift; sourceTree = "<group>"; };
		CBD791641E768AB70006C590 /* MainMenuViewController.xib */ = {isa = PBXFileReference; fileEncoding = 4; lastKnownFileType = file.xib; path = MainMenuViewController.xib; sourceTree = "<group>"; };
		CBD791671E768CC00006C590 /* MainMenuCoordinator.swift */ = {isa = PBXFileReference; fileEncoding = 4; lastKnownFileType = sourcecode.swift; path = MainMenuCoordinator.swift; sourceTree = "<group>"; };
		CBDB98F11E7AA510003EC73F /* CalendarImportResult.swift */ = {isa = PBXFileReference; fileEncoding = 4; lastKnownFileType = sourcecode.swift; path = CalendarImportResult.swift; sourceTree = "<group>"; };
		CBDB98F31E7B000A003EC73F /* NotificationHandler.swift */ = {isa = PBXFileReference; fileEncoding = 4; lastKnownFileType = sourcecode.swift; path = NotificationHandler.swift; sourceTree = "<group>"; };
		CBDB98F61E7BD192003EC73F /* CalendarImportTaskTests.swift */ = {isa = PBXFileReference; fileEncoding = 4; lastKnownFileType = sourcecode.swift; path = CalendarImportTaskTests.swift; sourceTree = "<group>"; };
		CBDB98F81E7BD26A003EC73F /* Realm+TestUtils.swift */ = {isa = PBXFileReference; fileEncoding = 4; lastKnownFileType = sourcecode.swift; path = "Realm+TestUtils.swift"; sourceTree = "<group>"; };
		CBDB98FC1E7BE6AF003EC73F /* CalendarEventData.swift */ = {isa = PBXFileReference; fileEncoding = 4; lastKnownFileType = sourcecode.swift; path = CalendarEventData.swift; sourceTree = "<group>"; };
		CBDB99011E7BE91D003EC73F /* EKEvent+CalendarEventData.swift */ = {isa = PBXFileReference; fileEncoding = 4; lastKnownFileType = sourcecode.swift; path = "EKEvent+CalendarEventData.swift"; sourceTree = "<group>"; };
		CBDB99071E7BEE05003EC73F /* EventStore.swift */ = {isa = PBXFileReference; fileEncoding = 4; lastKnownFileType = sourcecode.swift; path = EventStore.swift; sourceTree = "<group>"; };
		CBDB99091E7BEECC003EC73F /* MockEventStore.swift */ = {isa = PBXFileReference; fileEncoding = 4; lastKnownFileType = sourcecode.swift; path = MockEventStore.swift; sourceTree = "<group>"; };
		CBDB990B1E7BEEDA003EC73F /* MockCalendarEventData.swift */ = {isa = PBXFileReference; fileEncoding = 4; lastKnownFileType = sourcecode.swift; path = MockCalendarEventData.swift; sourceTree = "<group>"; };
		CBDB990D1E7BFD05003EC73F /* CalendarEventParticipantData.swift */ = {isa = PBXFileReference; fileEncoding = 4; lastKnownFileType = sourcecode.swift; path = CalendarEventParticipantData.swift; sourceTree = "<group>"; };
		CBDB990F1E7BFE4D003EC73F /* EKParticipant+CalendarEventParticipantData.swift */ = {isa = PBXFileReference; fileEncoding = 4; lastKnownFileType = sourcecode.swift; path = "EKParticipant+CalendarEventParticipantData.swift"; sourceTree = "<group>"; };
		CBDB99111E7BFEED003EC73F /* MockCalendarEventParticipantData.swift */ = {isa = PBXFileReference; fileEncoding = 4; lastKnownFileType = sourcecode.swift; path = MockCalendarEventParticipantData.swift; sourceTree = "<group>"; };
		CC37B1301E93CDD600651C46 /* QOTDatabase.framework */ = {isa = PBXFileReference; lastKnownFileType = wrapper.framework; name = QOTDatabase.framework; path = "Pods/../build/Release-iphoneos/QOTDatabase/QOTDatabase.framework"; sourceTree = "<group>"; };
		CC3DFB631E83BDA300FF28DF /* Utils.swift */ = {isa = PBXFileReference; fileEncoding = 4; lastKnownFileType = sourcecode.swift; path = Utils.swift; sourceTree = "<group>"; };
		CC3DFB651E83C19C00FF28DF /* Defines.swift */ = {isa = PBXFileReference; fileEncoding = 4; lastKnownFileType = sourcecode.swift; path = Defines.swift; sourceTree = "<group>"; };
		CC4D1D7B1E82E75300B8D75E /* MeSectionViewController.swift */ = {isa = PBXFileReference; fileEncoding = 4; lastKnownFileType = sourcecode.swift; path = MeSectionViewController.swift; sourceTree = "<group>"; };
		CC4D1D7F1E82EDE700B8D75E /* MeSectionCoordinator.swift */ = {isa = PBXFileReference; fileEncoding = 4; lastKnownFileType = sourcecode.swift; path = MeSectionCoordinator.swift; sourceTree = "<group>"; };
		CC6B3A281E8158B200E7FDFD /* PresentationManager.swift */ = {isa = PBXFileReference; fileEncoding = 4; lastKnownFileType = sourcecode.swift; path = PresentationManager.swift; sourceTree = "<group>"; };
		CC6B3A2C1E8163A200E7FDFD /* FadeInOutPresentationController.swift */ = {isa = PBXFileReference; fileEncoding = 4; lastKnownFileType = sourcecode.swift; path = FadeInOutPresentationController.swift; sourceTree = "<group>"; };
		CC6B3A2E1E8166A500E7FDFD /* FadeInOutPresentationAnimator.swift */ = {isa = PBXFileReference; fileEncoding = 4; lastKnownFileType = sourcecode.swift; path = FadeInOutPresentationAnimator.swift; sourceTree = "<group>"; };
		CC6B3A301E81713200E7FDFD /* Constants.swift */ = {isa = PBXFileReference; fileEncoding = 4; lastKnownFileType = sourcecode.swift; path = Constants.swift; sourceTree = "<group>"; };
		CCAF03211E801B0E00015125 /* SettingsCoordinator.swift */ = {isa = PBXFileReference; fileEncoding = 4; lastKnownFileType = sourcecode.swift; path = SettingsCoordinator.swift; sourceTree = "<group>"; };
		CCAF03221E801B0E00015125 /* SettingsViewController.swift */ = {isa = PBXFileReference; fileEncoding = 4; lastKnownFileType = sourcecode.swift; path = SettingsViewController.swift; sourceTree = "<group>"; };
		CCAF03231E801B0E00015125 /* SettingsViewControllerDelegate.swift */ = {isa = PBXFileReference; fileEncoding = 4; lastKnownFileType = sourcecode.swift; path = SettingsViewControllerDelegate.swift; sourceTree = "<group>"; };
		CCAF03271E802A6200015125 /* SettingsViewController.xib */ = {isa = PBXFileReference; fileEncoding = 4; lastKnownFileType = file.xib; path = SettingsViewController.xib; sourceTree = "<group>"; };
		CCAF03291E8035C800015125 /* SettingsTableViewCell.swift */ = {isa = PBXFileReference; fileEncoding = 4; lastKnownFileType = sourcecode.swift; path = SettingsTableViewCell.swift; sourceTree = "<group>"; };
		CCAF032B1E80362700015125 /* SettingsTableViewCell.xib */ = {isa = PBXFileReference; fileEncoding = 4; lastKnownFileType = file.xib; path = SettingsTableViewCell.xib; sourceTree = "<group>"; };
		CCC0C4BD1E82730E002A8362 /* Extensions.swift */ = {isa = PBXFileReference; fileEncoding = 4; lastKnownFileType = sourcecode.swift; path = Extensions.swift; sourceTree = "<group>"; };
		CCC0C4C91E827F87002A8362 /* BentonSans_Book.otf */ = {isa = PBXFileReference; lastKnownFileType = file; path = BentonSans_Book.otf; sourceTree = "<group>"; };
		CCC0C4CB1E828007002A8362 /* BentonSans_Regular.otf */ = {isa = PBXFileReference; lastKnownFileType = file; path = BentonSans_Regular.otf; sourceTree = "<group>"; };
		CCC0C4D31E82A8D9002A8362 /* Simple-Regular.ttf */ = {isa = PBXFileReference; lastKnownFileType = file; path = "Simple-Regular.ttf"; sourceTree = "<group>"; };
		CCC0C4D51E82B405002A8362 /* R.generated.swift */ = {isa = PBXFileReference; fileEncoding = 4; lastKnownFileType = sourcecode.swift; path = R.generated.swift; sourceTree = "<group>"; };
		CCC0C4DA1E82BDEF002A8362 /* TabBarCoordinator.swift */ = {isa = PBXFileReference; fileEncoding = 4; lastKnownFileType = sourcecode.swift; path = TabBarCoordinator.swift; sourceTree = "<group>"; };
		CCC1B6A21E8B9B7300D1461F /* LearnCategoryCell.swift */ = {isa = PBXFileReference; fileEncoding = 4; lastKnownFileType = sourcecode.swift; path = LearnCategoryCell.swift; sourceTree = "<group>"; };
		CCC1B6A31E8B9B7300D1461F /* LearnCategoryLayout.swift */ = {isa = PBXFileReference; fileEncoding = 4; lastKnownFileType = sourcecode.swift; path = LearnCategoryLayout.swift; sourceTree = "<group>"; };
		CCC1B6A41E8B9B7300D1461F /* LearnCategoryListViewController.swift */ = {isa = PBXFileReference; fileEncoding = 4; lastKnownFileType = sourcecode.swift; path = LearnCategoryListViewController.swift; sourceTree = "<group>"; };
		CCC1B6A51E8B9B7300D1461F /* LearnCategoryListViewController.xib */ = {isa = PBXFileReference; fileEncoding = 4; lastKnownFileType = file.xib; path = LearnCategoryListViewController.xib; sourceTree = "<group>"; };
		CCC1B6A61E8B9B7300D1461F /* LearnCategoryListViewModel.swift */ = {isa = PBXFileReference; fileEncoding = 4; lastKnownFileType = sourcecode.swift; path = LearnCategoryListViewModel.swift; sourceTree = "<group>"; };
		CCC1B6AC1E8B9B7F00D1461F /* LearnContentListViewController.swift */ = {isa = PBXFileReference; fileEncoding = 4; lastKnownFileType = sourcecode.swift; path = LearnContentListViewController.swift; sourceTree = "<group>"; };
		CCC1B6AD1E8B9B7F00D1461F /* LearnContentListViewModel.swift */ = {isa = PBXFileReference; fileEncoding = 4; lastKnownFileType = sourcecode.swift; path = LearnContentListViewModel.swift; sourceTree = "<group>"; };
		CCC1B6B01E8B9FDA00D1461F /* LearnStrategyViewModel.swift */ = {isa = PBXFileReference; fileEncoding = 4; lastKnownFileType = sourcecode.swift; path = LearnStrategyViewModel.swift; sourceTree = "<group>"; };
		CCC1B6B21E8BA71500D1461F /* LearnStrategyViewController.swift */ = {isa = PBXFileReference; fileEncoding = 4; lastKnownFileType = sourcecode.swift; path = LearnStrategyViewController.swift; sourceTree = "<group>"; };
		CCCC211A1E8981AD00133839 /* ChatViewController.swift */ = {isa = PBXFileReference; fileEncoding = 4; lastKnownFileType = sourcecode.swift; path = ChatViewController.swift; sourceTree = "<group>"; };
		CCCC211B1E8981AD00133839 /* ChatViewModel.swift */ = {isa = PBXFileReference; fileEncoding = 4; lastKnownFileType = sourcecode.swift; path = ChatViewModel.swift; sourceTree = "<group>"; };
		CCCC21201E8981CA00133839 /* PrepareContentViewController.swift */ = {isa = PBXFileReference; fileEncoding = 4; lastKnownFileType = sourcecode.swift; path = PrepareContentViewController.swift; sourceTree = "<group>"; };
		CCCC21211E8981CA00133839 /* PrepareContentViewModel.swift */ = {isa = PBXFileReference; fileEncoding = 4; lastKnownFileType = sourcecode.swift; path = PrepareContentViewModel.swift; sourceTree = "<group>"; };
		CCD377511E8D3C2D00BB8031 /* WhatsHotNewTemplateViewController.swift */ = {isa = PBXFileReference; fileEncoding = 4; lastKnownFileType = sourcecode.swift; path = WhatsHotNewTemplateViewController.swift; sourceTree = "<group>"; };
		CCD377521E8D3C2D00BB8031 /* WhatsHotNewTemplateViewModel.swift */ = {isa = PBXFileReference; fileEncoding = 4; lastKnownFileType = sourcecode.swift; path = WhatsHotNewTemplateViewModel.swift; sourceTree = "<group>"; };
		CCE06FDF1E8D44FC009C5AD2 /* LibraryCoordinator.swift */ = {isa = PBXFileReference; fileEncoding = 4; lastKnownFileType = sourcecode.swift; path = LibraryCoordinator.swift; sourceTree = "<group>"; };
		CCE372F21E8C1EDF00B79352 /* WhatsHotViewModel.swift */ = {isa = PBXFileReference; fileEncoding = 4; lastKnownFileType = sourcecode.swift; path = WhatsHotViewModel.swift; sourceTree = "<group>"; };
		CCE372F41E8CF10C00B79352 /* WhatsHotViewController.swift */ = {isa = PBXFileReference; fileEncoding = 4; lastKnownFileType = sourcecode.swift; path = WhatsHotViewController.swift; sourceTree = "<group>"; };
		CCE372FC1E8D2AD100B79352 /* MyPrepViewController.swift */ = {isa = PBXFileReference; fileEncoding = 4; lastKnownFileType = sourcecode.swift; path = MyPrepViewController.swift; sourceTree = "<group>"; };
		CCE372FE1E8D2AE700B79352 /* MyPrepViewModel.swift */ = {isa = PBXFileReference; fileEncoding = 4; lastKnownFileType = sourcecode.swift; path = MyPrepViewModel.swift; sourceTree = "<group>"; };
		CCE373071E8D32CF00B79352 /* LibraryViewController.swift */ = {isa = PBXFileReference; fileEncoding = 4; lastKnownFileType = sourcecode.swift; path = LibraryViewController.swift; sourceTree = "<group>"; };
		CCE373091E8D32F800B79352 /* SidebarCoordinator.swift */ = {isa = PBXFileReference; fileEncoding = 4; lastKnownFileType = sourcecode.swift; path = SidebarCoordinator.swift; sourceTree = "<group>"; };
		CCE3730A1E8D32F800B79352 /* SidebarTableViewCell.swift */ = {isa = PBXFileReference; fileEncoding = 4; lastKnownFileType = sourcecode.swift; path = SidebarTableViewCell.swift; sourceTree = "<group>"; };
		CCE3730E1E8D32F800B79352 /* SidebarViewModel.swift */ = {isa = PBXFileReference; fileEncoding = 4; lastKnownFileType = sourcecode.swift; path = SidebarViewModel.swift; sourceTree = "<group>"; };
		CCE373151E8D330100B79352 /* LibraryViewModel.swift */ = {isa = PBXFileReference; fileEncoding = 4; lastKnownFileType = sourcecode.swift; path = LibraryViewModel.swift; sourceTree = "<group>"; };
		CCEA22A21E8AC53D003D0CF4 /* PrepareCheckListViewController.swift */ = {isa = PBXFileReference; fileEncoding = 4; lastKnownFileType = sourcecode.swift; path = PrepareCheckListViewController.swift; sourceTree = "<group>"; };
		CCEA22A31E8AC53D003D0CF4 /* PrepareCheckListViewModel.swift */ = {isa = PBXFileReference; fileEncoding = 4; lastKnownFileType = sourcecode.swift; path = PrepareCheckListViewModel.swift; sourceTree = "<group>"; };
		CCEA22A71E8AC55F003D0CF4 /* PrepareEventsViewController.swift */ = {isa = PBXFileReference; fileEncoding = 4; lastKnownFileType = sourcecode.swift; path = PrepareEventsViewController.swift; sourceTree = "<group>"; };
		CCEA22A81E8AC55F003D0CF4 /* PrepareEventsViewModel.swift */ = {isa = PBXFileReference; fileEncoding = 4; lastKnownFileType = sourcecode.swift; path = PrepareEventsViewModel.swift; sourceTree = "<group>"; };
		CCEFCFAE1E8D3D7500E9FC72 /* SidebarViewController.swift */ = {isa = PBXFileReference; fileEncoding = 4; lastKnownFileType = sourcecode.swift; path = SidebarViewController.swift; sourceTree = "<group>"; };
		CCFCACBE1E8D5DD100EA3119 /* BenefitsViewController.swift */ = {isa = PBXFileReference; fileEncoding = 4; lastKnownFileType = sourcecode.swift; path = BenefitsViewController.swift; sourceTree = "<group>"; };
		CCFCACBF1E8D5DD100EA3119 /* BenefitsViewModel.swift */ = {isa = PBXFileReference; fileEncoding = 4; lastKnownFileType = sourcecode.swift; path = BenefitsViewModel.swift; sourceTree = "<group>"; };
		CCFCACC21E8D5FDF00EA3119 /* BenefitsCoordinator.swift */ = {isa = PBXFileReference; fileEncoding = 4; lastKnownFileType = sourcecode.swift; path = BenefitsCoordinator.swift; sourceTree = "<group>"; };
		CFD7A18F9C99304947181CD0 /* Pods_QOTTests.framework */ = {isa = PBXFileReference; explicitFileType = wrapper.framework; includeInIndex = 0; path = Pods_QOTTests.framework; sourceTree = BUILT_PRODUCTS_DIR; };
		D51B5C471E8D0E7E0084A65B /* LearnContentCell.swift */ = {isa = PBXFileReference; fileEncoding = 4; lastKnownFileType = sourcecode.swift; path = LearnContentCell.swift; sourceTree = "<group>"; };
		D51B5C481E8D0E7E0084A65B /* LearnContentLayout.swift */ = {isa = PBXFileReference; fileEncoding = 4; lastKnownFileType = sourcecode.swift; path = LearnContentLayout.swift; sourceTree = "<group>"; };
		D51B5C4B1E8D133B0084A65B /* LearnStrategyCoordinator.swift */ = {isa = PBXFileReference; fileEncoding = 4; lastKnownFileType = sourcecode.swift; path = LearnStrategyCoordinator.swift; sourceTree = "<group>"; };
		D51D08811E8E806E00FC7567 /* LearnStrategyTextCell.swift */ = {isa = PBXFileReference; fileEncoding = 4; lastKnownFileType = sourcecode.swift; path = LearnStrategyTextCell.swift; sourceTree = "<group>"; };
		D51D08821E8E806E00FC7567 /* LearnStrategyTextCell.xib */ = {isa = PBXFileReference; fileEncoding = 4; lastKnownFileType = file.xib; path = LearnStrategyTextCell.xib; sourceTree = "<group>"; };
		D51D08851E8E80AF00FC7567 /* LearnStrategyVideoCell.swift */ = {isa = PBXFileReference; fileEncoding = 4; lastKnownFileType = sourcecode.swift; path = LearnStrategyVideoCell.swift; sourceTree = "<group>"; };
		D51D08861E8E80AF00FC7567 /* LearnStrategyVideoCell.xib */ = {isa = PBXFileReference; fileEncoding = 4; lastKnownFileType = file.xib; path = LearnStrategyVideoCell.xib; sourceTree = "<group>"; };
		D51D08891E8E80CD00FC7567 /* LearnStrategyArticleCell.swift */ = {isa = PBXFileReference; fileEncoding = 4; lastKnownFileType = sourcecode.swift; path = LearnStrategyArticleCell.swift; sourceTree = "<group>"; };
		D51D088A1E8E80CD00FC7567 /* LearnStrategyArticleCell.xib */ = {isa = PBXFileReference; fileEncoding = 4; lastKnownFileType = file.xib; path = LearnStrategyArticleCell.xib; sourceTree = "<group>"; };
		D520BC911E8E655A00A2D107 /* LearnStrategyHeaderCell.swift */ = {isa = PBXFileReference; fileEncoding = 4; lastKnownFileType = sourcecode.swift; path = LearnStrategyHeaderCell.swift; sourceTree = "<group>"; };
		D520BC921E8E655A00A2D107 /* LearnStrategyHeaderCell.xib */ = {isa = PBXFileReference; fileEncoding = 4; lastKnownFileType = file.xib; path = LearnStrategyHeaderCell.xib; sourceTree = "<group>"; };
		D540275D1E8D401F0013B783 /* LearnStrategyViewController.xib */ = {isa = PBXFileReference; fileEncoding = 4; lastKnownFileType = file.xib; path = LearnStrategyViewController.xib; sourceTree = "<group>"; };
		D55CBED61E8A993200C690FB /* CGPoint+Convenience.swift */ = {isa = PBXFileReference; fileEncoding = 4; lastKnownFileType = sourcecode.swift; path = "CGPoint+Convenience.swift"; sourceTree = "<group>"; };
		D57ECFAF1E924CC2008F401B /* TabBarView.swift */ = {isa = PBXFileReference; fileEncoding = 4; lastKnownFileType = sourcecode.swift; path = TabBarView.swift; sourceTree = "<group>"; };
		D5CD23D71E8BB73A002742C4 /* TabBarController.swift */ = {isa = PBXFileReference; fileEncoding = 4; lastKnownFileType = sourcecode.swift; path = TabBarController.swift; sourceTree = "<group>"; };
/* End PBXFileReference section */

/* Begin PBXFrameworksBuildPhase section */
		CBB237E91E6FFF1200AB5AEF /* Frameworks */ = {
			isa = PBXFrameworksBuildPhase;
			buildActionMask = 2147483647;
			files = (
				CC37B1311E93CDD600651C46 /* QOTDatabase.framework in Frameworks */,
				0CC2119BB6C36EF6F43B4ECD /* Pods_QOT.framework in Frameworks */,
			);
			runOnlyForDeploymentPostprocessing = 0;
		};
		CBB237FD1E6FFF1200AB5AEF /* Frameworks */ = {
			isa = PBXFrameworksBuildPhase;
			buildActionMask = 2147483647;
			files = (
				A29C0C8591D20568D6B8EB3E /* Pods_QOTTests.framework in Frameworks */,
			);
			runOnlyForDeploymentPostprocessing = 0;
		};
/* End PBXFrameworksBuildPhase section */

/* Begin PBXGroup section */
		0B40DC081E9CA65D00E1659B /* PrepareContentTextTableViewCell */ = {
			isa = PBXGroup;
			children = (
				0B40DC091E9CA6A500E1659B /* PrepareContentTextTableViewCell.swift */,
				0B40DC0A1E9CA6A500E1659B /* PrepareContentTextTableViewCell.xib */,
			);
			name = PrepareContentTextTableViewCell;
			sourceTree = "<group>";
		};
		0B40DC111E9CA6E500E1659B /* PrepareContentViedeoPreviewTableViewCell */ = {
			isa = PBXGroup;
			children = (
				0B40DC0D1E9CA6E100E1659B /* PrepareContentVideoPreviewTableViewCell.swift */,
				0B40DC0E1E9CA6E100E1659B /* PrepareContentVideoPreviewTableViewCell.xib */,
			);
			name = PrepareContentViedeoPreviewTableViewCell;
			sourceTree = "<group>";
		};
		0B40DC121E9CA6EF00E1659B /* PrepareContentHeaderTableViewCell */ = {
			isa = PBXGroup;
			children = (
				0B40DC131E9CA71400E1659B /* PrepareContentHeaderTableViewCell.swift */,
				0B40DC141E9CA71400E1659B /* PrepareContentHeaderTableViewCell.xib */,
			);
			name = PrepareContentHeaderTableViewCell;
			sourceTree = "<group>";
		};
		0BE7FD811E9CAC4000E3262E /* PrepareContentActionButtonsTableViewCell */ = {
			isa = PBXGroup;
			children = (
				0BE7FD821E9CAC7400E3262E /* PrepareContentActionButtonsTableViewCell.swift */,
				0BE7FD831E9CAC7400E3262E /* PrepareContentActionButtonsTableViewCell.xib */,
			);
			name = PrepareContentActionButtonsTableViewCell;
			sourceTree = "<group>";
		};
		0BE7FD871E9D2AB800E3262E /* PrepareContentStepTableViewCell */ = {
			isa = PBXGroup;
			children = (
				0BE7FD881E9D2AEF00E3262E /* PrepareContentStepTableViewCell.swift */,
				0BE7FD891E9D2AEF00E3262E /* PrepareContentStepTableViewCell.xib */,
			);
			name = PrepareContentStepTableViewCell;
			sourceTree = "<group>";
		};
		0BE7FD8C1E9D2F4D00E3262E /* PrepareContentTitleTableViewCell */ = {
			isa = PBXGroup;
			children = (
				0BE7FD8D1E9D2F8800E3262E /* PrepareContentTitleTableViewCell.swift */,
				0BE7FD8E1E9D2F8800E3262E /* PrepareContentTitleTableViewCell.xib */,
			);
			name = PrepareContentTitleTableViewCell;
			sourceTree = "<group>";
		};
		7BD58BE66F7DCDCEF349DBD8 /* Frameworks */ = {
			isa = PBXGroup;
			children = (
				CC37B1301E93CDD600651C46 /* QOTDatabase.framework */,
				82E5AD3BA2AFF4C5836434DD /* Pods_QOT.framework */,
				CFD7A18F9C99304947181CD0 /* Pods_QOTTests.framework */,
			);
			name = Frameworks;
			sourceTree = "<group>";
		};
		B1B85C4C58D59EA1163CE83B /* Pods */ = {
			isa = PBXGroup;
			children = (
				42795728C4F3229DFB18981E /* Pods-QOT.debug.xcconfig */,
				2F1C8D6D4864F462A3F805BB /* Pods-QOT.release.xcconfig */,
				97F1D8A9256524F33CBB9303 /* Pods-QOTTests.debug.xcconfig */,
				5C87601C1FE7F833DF0D7A6B /* Pods-QOTTests.release.xcconfig */,
			);
			name = Pods;
			sourceTree = "<group>";
		};
		CB1E4F991E7FE22900287613 /* Settings */ = {
			isa = PBXGroup;
			children = (
				CCAF03211E801B0E00015125 /* SettingsCoordinator.swift */,
				CCAF03291E8035C800015125 /* SettingsTableViewCell.swift */,
				CCAF032B1E80362700015125 /* SettingsTableViewCell.xib */,
				CCAF03221E801B0E00015125 /* SettingsViewController.swift */,
				CCAF03271E802A6200015125 /* SettingsViewController.xib */,
				CCAF03231E801B0E00015125 /* SettingsViewControllerDelegate.swift */,
				CB1E4F971E7FE22200287613 /* SettingsViewModel.swift */,
			);
			name = Settings;
			path = ../Settings;
			sourceTree = "<group>";
		};
		CB2880201E7050D10067890A /* Coordinators */ = {
			isa = PBXGroup;
			children = (
				CBD791481E7172460006C590 /* Learn */,
				CB2880231E7051710067890A /* AppCoordinator.swift */,
				CB2880211E7050EB0067890A /* Coordinator.swift */,
				CBD791671E768CC00006C590 /* MainMenuCoordinator.swift */,
			);
			path = Coordinators;
			sourceTree = "<group>";
		};
		CB2880261E70555E0067890A /* App */ = {
			isa = PBXGroup;
			children = (
				CBB237EF1E6FFF1200AB5AEF /* AppDelegate.swift */,
				CC6B3A301E81713200E7FDFD /* Constants.swift */,
				CC3DFB651E83C19C00FF28DF /* Defines.swift */,
				CCC0C4BD1E82730E002A8362 /* Extensions.swift */,
				CC3DFB631E83BDA300FF28DF /* Utils.swift */,
			);
			path = App;
			sourceTree = "<group>";
		};
		CB2880291E70577E0067890A /* Root Container View */ = {
			isa = PBXGroup;
			children = (
				CB2880271E7057790067890A /* RootViewController.swift */,
			);
			path = "Root Container View";
			sourceTree = "<group>";
		};
		CB2880321E7144D40067890A /* Common */ = {
			isa = PBXGroup;
			children = (
				D55CBED61E8A993200C690FB /* CGPoint+Convenience.swift */,
				CB2880331E7144E60067890A /* CollectionUpdate.swift */,
				CBA054481E890560009E28D6 /* Dequeueable.swift */,
				CBDB98F31E7B000A003EC73F /* NotificationHandler.swift */,
				CBD791491E71797C0006C590 /* Typealiases.swift */,
			);
			path = Common;
			sourceTree = "<group>";
		};
		CB369CD91E8D3E3700522293 /* Services */ = {
			isa = PBXGroup;
			children = (
				CB1E4F991E7FE22900287613 /* Settings */,
				CB369CE31E8E43DA00522293 /* Learn */,
				CB369CDC1E8D3F0A00522293 /* Utilities */,
				CB369CE11E8D5E3D00522293 /* Services.swift */,
			);
			path = Services;
			sourceTree = "<group>";
		};
		CB369CDC1E8D3F0A00522293 /* Utilities */ = {
			isa = PBXGroup;
			children = (
				CB369CDF1E8D407C00522293 /* DataProvider.swift */,
				CB369CDA1E8D3E5700522293 /* RealmProvider.swift */,
			);
			path = Utilities;
			sourceTree = "<group>";
		};
		CB369CE31E8E43DA00522293 /* Learn */ = {
			isa = PBXGroup;
			children = (
				CB369CE61E8E470800522293 /* LearnCategory.swift */,
				CB369CE41E8E46B600522293 /* LearnContent.swift */,
				CB369CDD1E8D3F5300522293 /* LearnContentService.swift */,
			);
			path = Learn;
			sourceTree = "<group>";
		};
		CB8A15231E769F250023B2F9 /* Tracking */ = {
			isa = PBXGroup;
			children = (
				CB8A15211E769F1F0023B2F9 /* EventTracker.swift */,
				CB8A152E1E76F27D0023B2F9 /* PageID.swift */,
				CB8A15301E76F31B0023B2F9 /* PageTrackable.swift */,
				CB8A15321E76F56D0023B2F9 /* TrackableEntity.swift */,
			);
			path = Tracking;
			sourceTree = "<group>";
		};
		CB8A15411E7982540023B2F9 /* Generated */ = {
			isa = PBXGroup;
			children = (
				CCC0C4D51E82B405002A8362 /* R.generated.swift */,
			);
			path = Generated;
			sourceTree = "<group>";
		};
		CB8A15441E7986A90023B2F9 /* Localization */ = {
			isa = PBXGroup;
			children = (
				CB8A15451E7986C90023B2F9 /* Localized.strings */,
			);
			path = Localization;
			sourceTree = "<group>";
		};
		CB8A15531E7A9F4F0023B2F9 /* Calendar Import */ = {
			isa = PBXGroup;
			children = (
				CBDB99061E7BEDD9003EC73F /* Interfaces */,
				CBDB98FE1E7BE89C003EC73F /* Model */,
				CB8A15491E7A7FA20023B2F9 /* CalendarImportManger.swift */,
				CBDB98F11E7AA510003EC73F /* CalendarImportResult.swift */,
				CB8A154B1E7A8AD30023B2F9 /* CalendarImportTask.swift */,
			);
			path = "Calendar Import";
			sourceTree = "<group>";
		};
		CBB237E31E6FFF1200AB5AEF = {
			isa = PBXGroup;
			children = (
				7BD58BE66F7DCDCEF349DBD8 /* Frameworks */,
				B1B85C4C58D59EA1163CE83B /* Pods */,
				CBB237ED1E6FFF1200AB5AEF /* Products */,
				CBB237EE1E6FFF1200AB5AEF /* QOT */,
				CBB238031E6FFF1200AB5AEF /* QOTTests */,
				CCC0C4AF1E826E16002A8362 /* Resources */,
			);
			sourceTree = "<group>";
		};
		CBB237ED1E6FFF1200AB5AEF /* Products */ = {
			isa = PBXGroup;
			children = (
				CBB237EC1E6FFF1200AB5AEF /* QOT.app */,
				CBB238001E6FFF1200AB5AEF /* QOTTests.xctest */,
			);
			name = Products;
			sourceTree = "<group>";
		};
		CBB237EE1E6FFF1200AB5AEF /* QOT */ = {
			isa = PBXGroup;
			children = (
				CB2880261E70555E0067890A /* App */,
				CB8A15531E7A9F4F0023B2F9 /* Calendar Import */,
				CB2880321E7144D40067890A /* Common */,
				CB2880201E7050D10067890A /* Coordinators */,
				CBD7914B1E719E090006C590 /* Database */,
				CB8A15411E7982540023B2F9 /* Generated */,
				CBD791571E72F10E0006C590 /* Launch */,
				CCC1B69A1E8B99B500D1461F /* Learn */,
				CB8A15441E7986A90023B2F9 /* Localization */,
				CBD791601E768A4F0006C590 /* Main Menu */,
				CC4D1D791E82E6A000B8D75E /* Me */,
				CC20C9921E8981070056054D /* Prepare */,
				CC6B3A271E81586C00E7FDFD /* Presentation */,
				CB2880291E70577E0067890A /* Root Container View */,
				CB369CD91E8D3E3700522293 /* Services */,
				CCCCB0691E804A90001240D5 /* Sidebar */,
				CCC0C4D71E82BAEA002A8362 /* Tab Bar */,
				CB8A15231E769F250023B2F9 /* Tracking */,
				CBB237F61E6FFF1200AB5AEF /* Assets.xcassets */,
				CBB237FB1E6FFF1200AB5AEF /* Info.plist */,
			);
			path = QOT;
			sourceTree = "<group>";
		};
		CBB238031E6FFF1200AB5AEF /* QOTTests */ = {
			isa = PBXGroup;
			children = (
				CBDB98F51E7BD15F003EC73F /* Calendar Import */,
				CBB238061E6FFF1200AB5AEF /* Info.plist */,
				CB8A15341E77DB3B0023B2F9 /* PageEventTests.swift */,
				CBDB98F81E7BD26A003EC73F /* Realm+TestUtils.swift */,
			);
			path = QOTTests;
			sourceTree = "<group>";
		};
		CBD791481E7172460006C590 /* Learn */ = {
			isa = PBXGroup;
			children = (
				CBD791461E7172390006C590 /* LearnContentListCoordinator.swift */,
				D51B5C4B1E8D133B0084A65B /* LearnStrategyCoordinator.swift */,
			);
			path = Learn;
			sourceTree = "<group>";
		};
		CBD7914B1E719E090006C590 /* Database */ = {
			isa = PBXGroup;
			children = (
				CBD7914C1E719E1C0006C590 /* Model */,
				CBD791531E72A4BB0006C590 /* MockData.swift */,
			);
			path = Database;
			sourceTree = "<group>";
		};
		CBD7914C1E719E1C0006C590 /* Model */ = {
			isa = PBXGroup;
			children = (
				CB8A15261E76A1280023B2F9 /* PageEvent.swift */,
			);
			path = Model;
			sourceTree = "<group>";
		};
		CBD791571E72F10E0006C590 /* Launch */ = {
			isa = PBXGroup;
			children = (
				CBB237F81E6FFF1200AB5AEF /* LaunchScreen.storyboard */,
				CBD7915A1E72F2990006C590 /* LaunchViewController.swift */,
				CBD7915B1E72F2990006C590 /* LaunchViewController.xib */,
				CBD7915E1E72FDC10006C590 /* LaunchViewModel.swift */,
			);
			path = Launch;
			sourceTree = "<group>";
		};
		CBD791601E768A4F0006C590 /* Main Menu */ = {
			isa = PBXGroup;
			children = (
				CBD791631E768AB70006C590 /* MainMenuViewController.swift */,
				CBD791641E768AB70006C590 /* MainMenuViewController.xib */,
			);
			path = "Main Menu";
			sourceTree = "<group>";
		};
		CBDB98F51E7BD15F003EC73F /* Calendar Import */ = {
			isa = PBXGroup;
			children = (
				CBDB98F61E7BD192003EC73F /* CalendarImportTaskTests.swift */,
				CB1E4FDC1E8024E900287613 /* EKEventStatusTests.swift */,
				CB1E4FDA1E80225800287613 /* EKParticipantTypeTests.swift */,
				CBDB990B1E7BEEDA003EC73F /* MockCalendarEventData.swift */,
				CBDB99111E7BFEED003EC73F /* MockCalendarEventParticipantData.swift */,
				CBDB99091E7BEECC003EC73F /* MockEventStore.swift */,
			);
			path = "Calendar Import";
			sourceTree = "<group>";
		};
		CBDB98FE1E7BE89C003EC73F /* Model */ = {
			isa = PBXGroup;
			children = (
				CBDB99001E7BE8C5003EC73F /* Interfaces */,
				CBDB98FF1E7BE8BD003EC73F /* Realm */,
			);
			path = Model;
			sourceTree = "<group>";
		};
		CBDB98FF1E7BE8BD003EC73F /* Realm */ = {
			isa = PBXGroup;
			children = (
				CB8A15391E7801B90023B2F9 /* CalendarEvent.swift */,
				CB8A153B1E78467D0023B2F9 /* CalendarEventParticipant.swift */,
			);
			path = Realm;
			sourceTree = "<group>";
		};
		CBDB99001E7BE8C5003EC73F /* Interfaces */ = {
			isa = PBXGroup;
			children = (
				CBDB98FC1E7BE6AF003EC73F /* CalendarEventData.swift */,
				CBDB990D1E7BFD05003EC73F /* CalendarEventParticipantData.swift */,
				CBDB99011E7BE91D003EC73F /* EKEvent+CalendarEventData.swift */,
				CBDB990F1E7BFE4D003EC73F /* EKParticipant+CalendarEventParticipantData.swift */,
			);
			path = Interfaces;
			sourceTree = "<group>";
		};
		CBDB99061E7BEDD9003EC73F /* Interfaces */ = {
			isa = PBXGroup;
			children = (
				CBDB99071E7BEE05003EC73F /* EventStore.swift */,
			);
			path = Interfaces;
			sourceTree = "<group>";
		};
		CC20C9921E8981070056054D /* Prepare */ = {
			isa = PBXGroup;
			children = (
				CCE372FB1E8D2A6300B79352 /* My Preep */,
				CCEA22A11E8AC528003D0CF4 /* PerpareCheckList */,
				CC4D1D7A1E82E6AD00B8D75E /* PrepareChat */,
				CC7C0A111E8966E000A83583 /* PrepareContent */,
				CCEA22A61E8AC549003D0CF4 /* PrepareTrips */,
			);
			path = Prepare;
			sourceTree = "<group>";
		};
		CC4D1D791E82E6A000B8D75E /* Me */ = {
			isa = PBXGroup;
			children = (
				CC4D1D7F1E82EDE700B8D75E /* MeSectionCoordinator.swift */,
				CC4D1D7B1E82E75300B8D75E /* MeSectionViewController.swift */,
			);
			path = Me;
			sourceTree = "<group>";
		};
		CC4D1D7A1E82E6AD00B8D75E /* PrepareChat */ = {
			isa = PBXGroup;
			children = (
				CCCC211A1E8981AD00133839 /* ChatViewController.swift */,
				CCCC211B1E8981AD00133839 /* ChatViewModel.swift */,
			);
			path = PrepareChat;
			sourceTree = "<group>";
		};
		CC6B3A271E81586C00E7FDFD /* Presentation */ = {
			isa = PBXGroup;
			children = (
				CC6B3A2E1E8166A500E7FDFD /* FadeInOutPresentationAnimator.swift */,
				CC6B3A2C1E8163A200E7FDFD /* FadeInOutPresentationController.swift */,
				CC6B3A281E8158B200E7FDFD /* PresentationManager.swift */,
			);
			path = Presentation;
			sourceTree = "<group>";
		};
		CC7C0A111E8966E000A83583 /* PrepareContent */ = {
			isa = PBXGroup;
			children = (
				0BE7FD8C1E9D2F4D00E3262E /* PrepareContentTitleTableViewCell */,
				0BE7FD871E9D2AB800E3262E /* PrepareContentStepTableViewCell */,
				0BE7FD811E9CAC4000E3262E /* PrepareContentActionButtonsTableViewCell */,
				0B40DC121E9CA6EF00E1659B /* PrepareContentHeaderTableViewCell */,
				0B40DC111E9CA6E500E1659B /* PrepareContentViedeoPreviewTableViewCell */,
				0B40DC081E9CA65D00E1659B /* PrepareContentTextTableViewCell */,
				CCCC21201E8981CA00133839 /* PrepareContentViewController.swift */,
				0B40DC061E9CA65300E1659B /* PrepareContentViewController.xib */,
				CCCC21211E8981CA00133839 /* PrepareContentViewModel.swift */,
			);
			path = PrepareContent;
			sourceTree = "<group>";
		};
		CCC0C4AF1E826E16002A8362 /* Resources */ = {
			isa = PBXGroup;
			children = (
				CCC0C4B01E826E24002A8362 /* Fonts */,
			);
			path = Resources;
			sourceTree = "<group>";
		};
		CCC0C4B01E826E24002A8362 /* Fonts */ = {
			isa = PBXGroup;
			children = (
				CCC0C4B21E826F49002A8362 /* BentoSans */,
				CCC0C4B11E826F3E002A8362 /* Simple */,
			);
			path = Fonts;
			sourceTree = "<group>";
		};
		CCC0C4B11E826F3E002A8362 /* Simple */ = {
			isa = PBXGroup;
			children = (
				CCC0C4D31E82A8D9002A8362 /* Simple-Regular.ttf */,
			);
			path = Simple;
			sourceTree = "<group>";
		};
		CCC0C4B21E826F49002A8362 /* BentoSans */ = {
			isa = PBXGroup;
			children = (
				CCC0C4C91E827F87002A8362 /* BentonSans_Book.otf */,
				CCC0C4CB1E828007002A8362 /* BentonSans_Regular.otf */,
			);
			path = BentoSans;
			sourceTree = "<group>";
		};
		CCC0C4D71E82BAEA002A8362 /* Tab Bar */ = {
			isa = PBXGroup;
			children = (
				D5CD23D71E8BB73A002742C4 /* TabBarController.swift */,
				CCC0C4DA1E82BDEF002A8362 /* TabBarCoordinator.swift */,
				D57ECFAF1E924CC2008F401B /* TabBarView.swift */,
			);
			path = "Tab Bar";
			sourceTree = "<group>";
		};
		CCC1B69A1E8B99B500D1461F /* Learn */ = {
			isa = PBXGroup;
			children = (
				CCC1B6A01E8B9B0C00D1461F /* Learn Category List */,
				CCC1B6A11E8B9B5E00D1461F /* Learn Content List */,
				CCC1B69B1E8B9A1200D1461F /* Learn Strategy */,
				CCE372F11E8C1EA600B79352 /* Whats Hot */,
				CCD377501E8D3C0900BB8031 /* Whats Hot New Template */,
			);
			path = Learn;
			sourceTree = "<group>";
		};
		CCC1B69B1E8B9A1200D1461F /* Learn Strategy */ = {
			isa = PBXGroup;
			children = (
				D51D088E1E8EA36700FC7567 /* Cell */,
				CCC1B6B21E8BA71500D1461F /* LearnStrategyViewController.swift */,
				D540275D1E8D401F0013B783 /* LearnStrategyViewController.xib */,
				CCC1B6B01E8B9FDA00D1461F /* LearnStrategyViewModel.swift */,
			);
			path = "Learn Strategy";
			sourceTree = "<group>";
		};
		CCC1B6A01E8B9B0C00D1461F /* Learn Category List */ = {
			isa = PBXGroup;
			children = (
				CCC1B6A21E8B9B7300D1461F /* LearnCategoryCell.swift */,
				CCC1B6A31E8B9B7300D1461F /* LearnCategoryLayout.swift */,
				CCC1B6A41E8B9B7300D1461F /* LearnCategoryListViewController.swift */,
				CCC1B6A51E8B9B7300D1461F /* LearnCategoryListViewController.xib */,
				CCC1B6A61E8B9B7300D1461F /* LearnCategoryListViewModel.swift */,
			);
			path = "Learn Category List";
			sourceTree = "<group>";
		};
		CCC1B6A11E8B9B5E00D1461F /* Learn Content List */ = {
			isa = PBXGroup;
			children = (
				D51B5C471E8D0E7E0084A65B /* LearnContentCell.swift */,
				D51B5C481E8D0E7E0084A65B /* LearnContentLayout.swift */,
				CCC1B6AC1E8B9B7F00D1461F /* LearnContentListViewController.swift */,
				CCC1B6AD1E8B9B7F00D1461F /* LearnContentListViewModel.swift */,
			);
			path = "Learn Content List";
			sourceTree = "<group>";
		};
		CCCCB0691E804A90001240D5 /* Sidebar */ = {
			isa = PBXGroup;
			children = (
				CCFCACBD1E8D5DBE00EA3119 /* Benefits */,
				CCE373011E8D325C00B79352 /* Library */,
				CCE373001E8D324B00B79352 /* Sidebar */,
			);
			path = Sidebar;
			sourceTree = "<group>";
		};
		CCD377501E8D3C0900BB8031 /* Whats Hot New Template */ = {
			isa = PBXGroup;
			children = (
				CCD377511E8D3C2D00BB8031 /* WhatsHotNewTemplateViewController.swift */,
				CCD377521E8D3C2D00BB8031 /* WhatsHotNewTemplateViewModel.swift */,
			);
			path = "Whats Hot New Template";
			sourceTree = "<group>";
		};
		CCE372F11E8C1EA600B79352 /* Whats Hot */ = {
			isa = PBXGroup;
			children = (
				CCE372F41E8CF10C00B79352 /* WhatsHotViewController.swift */,
				CCE372F21E8C1EDF00B79352 /* WhatsHotViewModel.swift */,
			);
			path = "Whats Hot";
			sourceTree = "<group>";
		};
		CCE372FB1E8D2A6300B79352 /* My Preep */ = {
			isa = PBXGroup;
			children = (
				CCE372FC1E8D2AD100B79352 /* MyPrepViewController.swift */,
				CCE372FE1E8D2AE700B79352 /* MyPrepViewModel.swift */,
			);
			path = "My Preep";
			sourceTree = "<group>";
		};
		CCE373001E8D324B00B79352 /* Sidebar */ = {
			isa = PBXGroup;
			children = (
				CCE373091E8D32F800B79352 /* SidebarCoordinator.swift */,
				CCE3730A1E8D32F800B79352 /* SidebarTableViewCell.swift */,
				CBA4216D1E9276AF00CD4BC9 /* SidebarTableViewCell.xib */,
				CCEFCFAE1E8D3D7500E9FC72 /* SidebarViewController.swift */,
				CBA4216E1E9276AF00CD4BC9 /* SidebarViewController.xib */,
				CCE3730E1E8D32F800B79352 /* SidebarViewModel.swift */,
			);
			path = Sidebar;
			sourceTree = "<group>";
		};
		CCE373011E8D325C00B79352 /* Library */ = {
			isa = PBXGroup;
			children = (
				CCE06FDF1E8D44FC009C5AD2 /* LibraryCoordinator.swift */,
				CCE373071E8D32CF00B79352 /* LibraryViewController.swift */,
				CCE373151E8D330100B79352 /* LibraryViewModel.swift */,
			);
			path = Library;
			sourceTree = "<group>";
		};
		CCEA22A11E8AC528003D0CF4 /* PerpareCheckList */ = {
			isa = PBXGroup;
			children = (
				CCEA22A21E8AC53D003D0CF4 /* PrepareCheckListViewController.swift */,
				CCEA22A31E8AC53D003D0CF4 /* PrepareCheckListViewModel.swift */,
			);
			path = PerpareCheckList;
			sourceTree = "<group>";
		};
		CCEA22A61E8AC549003D0CF4 /* PrepareTrips */ = {
			isa = PBXGroup;
			children = (
				CCEA22A71E8AC55F003D0CF4 /* PrepareEventsViewController.swift */,
				CCEA22A81E8AC55F003D0CF4 /* PrepareEventsViewModel.swift */,
			);
			path = PrepareTrips;
			sourceTree = "<group>";
		};
		CCFCACBD1E8D5DBE00EA3119 /* Benefits */ = {
			isa = PBXGroup;
			children = (
				CCFCACC21E8D5FDF00EA3119 /* BenefitsCoordinator.swift */,
				CCFCACBE1E8D5DD100EA3119 /* BenefitsViewController.swift */,
				CCFCACBF1E8D5DD100EA3119 /* BenefitsViewModel.swift */,
			);
			path = Benefits;
			sourceTree = "<group>";
		};
		D51D088E1E8EA36700FC7567 /* Cell */ = {
			isa = PBXGroup;
			children = (
				D51D08891E8E80CD00FC7567 /* LearnStrategyArticleCell.swift */,
				D51D088A1E8E80CD00FC7567 /* LearnStrategyArticleCell.xib */,
				D520BC911E8E655A00A2D107 /* LearnStrategyHeaderCell.swift */,
				D520BC921E8E655A00A2D107 /* LearnStrategyHeaderCell.xib */,
				D51D08811E8E806E00FC7567 /* LearnStrategyTextCell.swift */,
				D51D08821E8E806E00FC7567 /* LearnStrategyTextCell.xib */,
				D51D08851E8E80AF00FC7567 /* LearnStrategyVideoCell.swift */,
				D51D08861E8E80AF00FC7567 /* LearnStrategyVideoCell.xib */,
			);
			path = Cell;
			sourceTree = "<group>";
		};
/* End PBXGroup section */

/* Begin PBXNativeTarget section */
		CBB237EB1E6FFF1200AB5AEF /* QOT */ = {
			isa = PBXNativeTarget;
			buildConfigurationList = CBB238091E6FFF1300AB5AEF /* Build configuration list for PBXNativeTarget "QOT" */;
			buildPhases = (
				BB0D582FB75DD826F51B67C2 /* [CP] Check Pods Manifest.lock */,
				CB8A15401E7981900023B2F9 /* Generate R.Swift */,
				CBB237E81E6FFF1200AB5AEF /* Sources */,
				CBB237E91E6FFF1200AB5AEF /* Frameworks */,
				CBB237EA1E6FFF1200AB5AEF /* Resources */,
				CBB2380F1E6FFF2700AB5AEF /* Swift Lint */,
				81E2E98BE745C586EA31F424 /* [CP] Embed Pods Frameworks */,
				5EB4CCEE8904BC282CD31F04 /* [CP] Copy Pods Resources */,
			);
			buildRules = (
			);
			dependencies = (
			);
			name = QOT;
			productName = QOT;
			productReference = CBB237EC1E6FFF1200AB5AEF /* QOT.app */;
			productType = "com.apple.product-type.application";
		};
		CBB237FF1E6FFF1200AB5AEF /* QOTTests */ = {
			isa = PBXNativeTarget;
			buildConfigurationList = CBB2380C1E6FFF1300AB5AEF /* Build configuration list for PBXNativeTarget "QOTTests" */;
			buildPhases = (
				4050E54DF9F28B6A059319E4 /* [CP] Check Pods Manifest.lock */,
				CBB237FC1E6FFF1200AB5AEF /* Sources */,
				CBB237FD1E6FFF1200AB5AEF /* Frameworks */,
				CBB237FE1E6FFF1200AB5AEF /* Resources */,
				8557817912EDF674A01EB936 /* [CP] Embed Pods Frameworks */,
				2011C55BC331575A26A8F334 /* [CP] Copy Pods Resources */,
			);
			buildRules = (
			);
			dependencies = (
				CBB238021E6FFF1200AB5AEF /* PBXTargetDependency */,
			);
			name = QOTTests;
			productName = QOTTests;
			productReference = CBB238001E6FFF1200AB5AEF /* QOTTests.xctest */;
			productType = "com.apple.product-type.bundle.unit-test";
		};
/* End PBXNativeTarget section */

/* Begin PBXProject section */
		CBB237E41E6FFF1200AB5AEF /* Project object */ = {
			isa = PBXProject;
			attributes = {
				LastSwiftUpdateCheck = 0820;
				LastUpgradeCheck = 0820;
				ORGANIZATIONNAME = Tignum;
				TargetAttributes = {
					CBB237EB1E6FFF1200AB5AEF = {
						CreatedOnToolsVersion = 8.2.1;
						DevelopmentTeam = PA7U84NCWZ;
						ProvisioningStyle = Automatic;
					};
					CBB237FF1E6FFF1200AB5AEF = {
						CreatedOnToolsVersion = 8.2.1;
						ProvisioningStyle = Automatic;
						TestTargetID = CBB237EB1E6FFF1200AB5AEF;
					};
				};
			};
			buildConfigurationList = CBB237E71E6FFF1200AB5AEF /* Build configuration list for PBXProject "QOT" */;
			compatibilityVersion = "Xcode 3.2";
			developmentRegion = English;
			hasScannedForEncodings = 0;
			knownRegions = (
				en,
				Base,
			);
			mainGroup = CBB237E31E6FFF1200AB5AEF;
			productRefGroup = CBB237ED1E6FFF1200AB5AEF /* Products */;
			projectDirPath = "";
			projectRoot = "";
			targets = (
				CBB237EB1E6FFF1200AB5AEF /* QOT */,
				CBB237FF1E6FFF1200AB5AEF /* QOTTests */,
			);
		};
/* End PBXProject section */

/* Begin PBXResourcesBuildPhase section */
		CBB237EA1E6FFF1200AB5AEF /* Resources */ = {
			isa = PBXResourcesBuildPhase;
			buildActionMask = 2147483647;
			files = (
				CCAF032C1E80362700015125 /* SettingsTableViewCell.xib in Resources */,
				CBD791661E768AB70006C590 /* MainMenuViewController.xib in Resources */,
				D51D08881E8E80AF00FC7567 /* LearnStrategyVideoCell.xib in Resources */,
				CCAF03281E802A6200015125 /* SettingsViewController.xib in Resources */,
				CCC0C4CA1E827F87002A8362 /* BentonSans_Book.otf in Resources */,
				D51D08841E8E806E00FC7567 /* LearnStrategyTextCell.xib in Resources */,
				CBA4216F1E9276AF00CD4BC9 /* SidebarTableViewCell.xib in Resources */,
				0B40DC101E9CA6E100E1659B /* PrepareContentVideoPreviewTableViewCell.xib in Resources */,
				CBA421701E9276AF00CD4BC9 /* SidebarViewController.xib in Resources */,
				0B40DC071E9CA65300E1659B /* PrepareContentViewController.xib in Resources */,
				CCC0C4CC1E828007002A8362 /* BentonSans_Regular.otf in Resources */,
				CCC1B6AA1E8B9B7300D1461F /* LearnCategoryListViewController.xib in Resources */,
				CBD7915D1E72F2990006C590 /* LaunchViewController.xib in Resources */,
				0BE7FD8B1E9D2AEF00E3262E /* PrepareContentStepTableViewCell.xib in Resources */,
				D51D088C1E8E80CD00FC7567 /* LearnStrategyArticleCell.xib in Resources */,
				0BE7FD851E9CAC7400E3262E /* PrepareContentActionButtonsTableViewCell.xib in Resources */,
				0B40DC161E9CA71400E1659B /* PrepareContentHeaderTableViewCell.xib in Resources */,
				CCC0C4D41E82A8D9002A8362 /* Simple-Regular.ttf in Resources */,
				CB8A15461E7986C90023B2F9 /* Localized.strings in Resources */,
				D520BC941E8E655A00A2D107 /* LearnStrategyHeaderCell.xib in Resources */,
				CBB237FA1E6FFF1200AB5AEF /* LaunchScreen.storyboard in Resources */,
				0BE7FD901E9D2F8800E3262E /* PrepareContentTitleTableViewCell.xib in Resources */,
				D540275F1E8D401F0013B783 /* LearnStrategyViewController.xib in Resources */,
				0B40DC0C1E9CA6A500E1659B /* PrepareContentTextTableViewCell.xib in Resources */,
				CBB237F71E6FFF1200AB5AEF /* Assets.xcassets in Resources */,
			);
			runOnlyForDeploymentPostprocessing = 0;
		};
		CBB237FE1E6FFF1200AB5AEF /* Resources */ = {
			isa = PBXResourcesBuildPhase;
			buildActionMask = 2147483647;
			files = (
			);
			runOnlyForDeploymentPostprocessing = 0;
		};
/* End PBXResourcesBuildPhase section */

/* Begin PBXShellScriptBuildPhase section */
		2011C55BC331575A26A8F334 /* [CP] Copy Pods Resources */ = {
			isa = PBXShellScriptBuildPhase;
			buildActionMask = 2147483647;
			files = (
			);
			inputPaths = (
			);
			name = "[CP] Copy Pods Resources";
			outputPaths = (
			);
			runOnlyForDeploymentPostprocessing = 0;
			shellPath = /bin/sh;
			shellScript = "\"${SRCROOT}/Pods/Target Support Files/Pods-QOTTests/Pods-QOTTests-resources.sh\"\n";
			showEnvVarsInLog = 0;
		};
		4050E54DF9F28B6A059319E4 /* [CP] Check Pods Manifest.lock */ = {
			isa = PBXShellScriptBuildPhase;
			buildActionMask = 2147483647;
			files = (
			);
			inputPaths = (
			);
			name = "[CP] Check Pods Manifest.lock";
			outputPaths = (
			);
			runOnlyForDeploymentPostprocessing = 0;
			shellPath = /bin/sh;
			shellScript = "diff \"${PODS_ROOT}/../Podfile.lock\" \"${PODS_ROOT}/Manifest.lock\" > /dev/null\nif [ $? != 0 ] ; then\n    # print error to STDERR\n    echo \"error: The sandbox is not in sync with the Podfile.lock. Run 'pod install' or update your CocoaPods installation.\" >&2\n    exit 1\nfi\n";
			showEnvVarsInLog = 0;
		};
		5EB4CCEE8904BC282CD31F04 /* [CP] Copy Pods Resources */ = {
			isa = PBXShellScriptBuildPhase;
			buildActionMask = 2147483647;
			files = (
			);
			inputPaths = (
			);
			name = "[CP] Copy Pods Resources";
			outputPaths = (
			);
			runOnlyForDeploymentPostprocessing = 0;
			shellPath = /bin/sh;
			shellScript = "\"${SRCROOT}/Pods/Target Support Files/Pods-QOT/Pods-QOT-resources.sh\"\n";
			showEnvVarsInLog = 0;
		};
		81E2E98BE745C586EA31F424 /* [CP] Embed Pods Frameworks */ = {
			isa = PBXShellScriptBuildPhase;
			buildActionMask = 2147483647;
			files = (
			);
			inputPaths = (
			);
			name = "[CP] Embed Pods Frameworks";
			outputPaths = (
			);
			runOnlyForDeploymentPostprocessing = 0;
			shellPath = /bin/sh;
			shellScript = "\"${SRCROOT}/Pods/Target Support Files/Pods-QOT/Pods-QOT-frameworks.sh\"\n";
			showEnvVarsInLog = 0;
		};
		8557817912EDF674A01EB936 /* [CP] Embed Pods Frameworks */ = {
			isa = PBXShellScriptBuildPhase;
			buildActionMask = 2147483647;
			files = (
			);
			inputPaths = (
			);
			name = "[CP] Embed Pods Frameworks";
			outputPaths = (
			);
			runOnlyForDeploymentPostprocessing = 0;
			shellPath = /bin/sh;
			shellScript = "\"${SRCROOT}/Pods/Target Support Files/Pods-QOTTests/Pods-QOTTests-frameworks.sh\"\n";
			showEnvVarsInLog = 0;
		};
		BB0D582FB75DD826F51B67C2 /* [CP] Check Pods Manifest.lock */ = {
			isa = PBXShellScriptBuildPhase;
			buildActionMask = 2147483647;
			files = (
			);
			inputPaths = (
			);
			name = "[CP] Check Pods Manifest.lock";
			outputPaths = (
			);
			runOnlyForDeploymentPostprocessing = 0;
			shellPath = /bin/sh;
			shellScript = "diff \"${PODS_ROOT}/../Podfile.lock\" \"${PODS_ROOT}/Manifest.lock\" > /dev/null\nif [ $? != 0 ] ; then\n    # print error to STDERR\n    echo \"error: The sandbox is not in sync with the Podfile.lock. Run 'pod install' or update your CocoaPods installation.\" >&2\n    exit 1\nfi\n";
			showEnvVarsInLog = 0;
		};
		CB8A15401E7981900023B2F9 /* Generate R.Swift */ = {
			isa = PBXShellScriptBuildPhase;
			buildActionMask = 2147483647;
			files = (
			);
			inputPaths = (
			);
			name = "Generate R.Swift";
			outputPaths = (
			);
			runOnlyForDeploymentPostprocessing = 0;
			shellPath = /bin/sh;
			shellScript = "mkdir -p \"$SRCROOT/QOT/Generated\"\n\"$PODS_ROOT/R.swift/rswift\" \"$SRCROOT/QOT/Generated\"\n";
		};
		CBB2380F1E6FFF2700AB5AEF /* Swift Lint */ = {
			isa = PBXShellScriptBuildPhase;
			buildActionMask = 2147483647;
			files = (
			);
			inputPaths = (
			);
			name = "Swift Lint";
			outputPaths = (
			);
			runOnlyForDeploymentPostprocessing = 0;
			shellPath = /bin/sh;
			shellScript = "if which swiftlint >/dev/null; then\n  swiftlint\nelse\n  echo \"warning: SwiftLint not installed, download from https://github.com/realm/SwiftLint\"\nfi";
		};
/* End PBXShellScriptBuildPhase section */

/* Begin PBXSourcesBuildPhase section */
		CBB237E81E6FFF1200AB5AEF /* Sources */ = {
			isa = PBXSourcesBuildPhase;
			buildActionMask = 2147483647;
			files = (
				D5CD23D81E8BB73A002742C4 /* TabBarController.swift in Sources */,
				CBDB99021E7BE91D003EC73F /* EKEvent+CalendarEventData.swift in Sources */,
				CB369CE01E8D407C00522293 /* DataProvider.swift in Sources */,
				CBDB99081E7BEE05003EC73F /* EventStore.swift in Sources */,
				D51B5C4C1E8D133B0084A65B /* LearnStrategyCoordinator.swift in Sources */,
				CBD7914A1E71797C0006C590 /* Typealiases.swift in Sources */,
				0B40DC0F1E9CA6E100E1659B /* PrepareContentVideoPreviewTableViewCell.swift in Sources */,
				0BE7FD841E9CAC7400E3262E /* PrepareContentActionButtonsTableViewCell.swift in Sources */,
				CCCC21221E8981CA00133839 /* PrepareContentViewController.swift in Sources */,
				CBD791541E72A4BB0006C590 /* MockData.swift in Sources */,
				CCCC211D1E8981AD00133839 /* ChatViewModel.swift in Sources */,
				D51B5C4A1E8D0E7E0084A65B /* LearnContentLayout.swift in Sources */,
				CBDB99101E7BFE4D003EC73F /* EKParticipant+CalendarEventParticipantData.swift in Sources */,
				CBB237F01E6FFF1200AB5AEF /* AppDelegate.swift in Sources */,
				CB369CE71E8E470800522293 /* LearnCategory.swift in Sources */,
				CB2880221E7050EB0067890A /* Coordinator.swift in Sources */,
				CCC1B6A91E8B9B7300D1461F /* LearnCategoryListViewController.swift in Sources */,
				CC4D1D7C1E82E75300B8D75E /* MeSectionViewController.swift in Sources */,
				CBD7915F1E72FDC10006C590 /* LaunchViewModel.swift in Sources */,
				CB369CE51E8E46B600522293 /* LearnContent.swift in Sources */,
				CCAF03251E801B0E00015125 /* SettingsViewController.swift in Sources */,
				D55CBED71E8A993200C690FB /* CGPoint+Convenience.swift in Sources */,
				CBA054491E890560009E28D6 /* Dequeueable.swift in Sources */,
				CCC1B6B31E8BA71500D1461F /* LearnStrategyViewController.swift in Sources */,
				CC6B3A2F1E8166A500E7FDFD /* FadeInOutPresentationAnimator.swift in Sources */,
				0B40DC151E9CA71400E1659B /* PrepareContentHeaderTableViewCell.swift in Sources */,
				CB8A15331E76F56D0023B2F9 /* TrackableEntity.swift in Sources */,
				0BE7FD8F1E9D2F8800E3262E /* PrepareContentTitleTableViewCell.swift in Sources */,
				CBDB98F21E7AA510003EC73F /* CalendarImportResult.swift in Sources */,
				CCE372F31E8C1EDF00B79352 /* WhatsHotViewModel.swift in Sources */,
				CCD377541E8D3C2D00BB8031 /* WhatsHotNewTemplateViewModel.swift in Sources */,
				CBD7915C1E72F2990006C590 /* LaunchViewController.swift in Sources */,
				CBD791681E768CC00006C590 /* MainMenuCoordinator.swift in Sources */,
				D520BC931E8E655A00A2D107 /* LearnStrategyHeaderCell.swift in Sources */,
				CCC0C4D61E82B405002A8362 /* R.generated.swift in Sources */,
				D51D08871E8E80AF00FC7567 /* LearnStrategyVideoCell.swift in Sources */,
				CBD791471E7172390006C590 /* LearnContentListCoordinator.swift in Sources */,
				CBDB990E1E7BFD05003EC73F /* CalendarEventParticipantData.swift in Sources */,
				CCFCACC11E8D5DD100EA3119 /* BenefitsViewModel.swift in Sources */,
				D51D088B1E8E80CD00FC7567 /* LearnStrategyArticleCell.swift in Sources */,
				CB8A15271E76A1280023B2F9 /* PageEvent.swift in Sources */,
				CCFCACC01E8D5DD100EA3119 /* BenefitsViewController.swift in Sources */,
				CCEA22A41E8AC53E003D0CF4 /* PrepareCheckListViewController.swift in Sources */,
				CC6B3A311E81713200E7FDFD /* Constants.swift in Sources */,
				D51D08831E8E806E00FC7567 /* LearnStrategyTextCell.swift in Sources */,
				CB369CDE1E8D3F5300522293 /* LearnContentService.swift in Sources */,
				CB8A153C1E78467D0023B2F9 /* CalendarEventParticipant.swift in Sources */,
				CB1E4F981E7FE22200287613 /* SettingsViewModel.swift in Sources */,
				CCCC211C1E8981AD00133839 /* ChatViewController.swift in Sources */,
				CC3DFB661E83C19C00FF28DF /* Defines.swift in Sources */,
				CCD377531E8D3C2D00BB8031 /* WhatsHotNewTemplateViewController.swift in Sources */,
				CB369CE21E8D5E3D00522293 /* Services.swift in Sources */,
				CCC1B6A81E8B9B7300D1461F /* LearnCategoryLayout.swift in Sources */,
				CCC0C4DB1E82BDEF002A8362 /* TabBarCoordinator.swift in Sources */,
				CB369CDB1E8D3E5700522293 /* RealmProvider.swift in Sources */,
				CBDB98FD1E7BE6AF003EC73F /* CalendarEventData.swift in Sources */,
				CCEA22AA1E8AC55F003D0CF4 /* PrepareEventsViewModel.swift in Sources */,
				CCE373161E8D330100B79352 /* LibraryViewModel.swift in Sources */,
				0B40DC0B1E9CA6A500E1659B /* PrepareContentTextTableViewCell.swift in Sources */,
				CC3DFB641E83BDA300FF28DF /* Utils.swift in Sources */,
				CB8A153A1E7801B90023B2F9 /* CalendarEvent.swift in Sources */,
				CCAF03261E801B0E00015125 /* SettingsViewControllerDelegate.swift in Sources */,
				CCE372FF1E8D2AE700B79352 /* MyPrepViewModel.swift in Sources */,
				CCC1B6AB1E8B9B7300D1461F /* LearnCategoryListViewModel.swift in Sources */,
				CCE372FD1E8D2AD100B79352 /* MyPrepViewController.swift in Sources */,
				CCC1B6A71E8B9B7300D1461F /* LearnCategoryCell.swift in Sources */,
				CCE373141E8D32F800B79352 /* SidebarViewModel.swift in Sources */,
				D51B5C491E8D0E7E0084A65B /* LearnContentCell.swift in Sources */,
				0BE7FD8A1E9D2AEF00E3262E /* PrepareContentStepTableViewCell.swift in Sources */,
				CCE372F51E8CF10C00B79352 /* WhatsHotViewController.swift in Sources */,
				CCE3730F1E8D32F800B79352 /* SidebarCoordinator.swift in Sources */,
				CCC1B6AF1E8B9B7F00D1461F /* LearnContentListViewModel.swift in Sources */,
				CCCC21231E8981CA00133839 /* PrepareContentViewModel.swift in Sources */,
				CC6B3A291E8158B200E7FDFD /* PresentationManager.swift in Sources */,
				CCAF03241E801B0E00015125 /* SettingsCoordinator.swift in Sources */,
				CBD791651E768AB70006C590 /* MainMenuViewController.swift in Sources */,
				CB2880281E7057790067890A /* RootViewController.swift in Sources */,
				D57ECFB01E924CC2008F401B /* TabBarView.swift in Sources */,
				CCE06FE01E8D44FC009C5AD2 /* LibraryCoordinator.swift in Sources */,
				CCAF032A1E8035C800015125 /* SettingsTableViewCell.swift in Sources */,
				CBDB98F41E7B000A003EC73F /* NotificationHandler.swift in Sources */,
				CB8A152F1E76F27D0023B2F9 /* PageID.swift in Sources */,
				CCC1B6B11E8B9FDA00D1461F /* LearnStrategyViewModel.swift in Sources */,
				CB8A154A1E7A7FA20023B2F9 /* CalendarImportManger.swift in Sources */,
				CB8A154C1E7A8AD30023B2F9 /* CalendarImportTask.swift in Sources */,
				CB8A15221E769F1F0023B2F9 /* EventTracker.swift in Sources */,
				CCE373081E8D32CF00B79352 /* LibraryViewController.swift in Sources */,
				CCEA22A91E8AC55F003D0CF4 /* PrepareEventsViewController.swift in Sources */,
				CCFCACC31E8D5FDF00EA3119 /* BenefitsCoordinator.swift in Sources */,
				CCC0C4BE1E82730E002A8362 /* Extensions.swift in Sources */,
				CC6B3A2D1E8163A200E7FDFD /* FadeInOutPresentationController.swift in Sources */,
				CCC1B6AE1E8B9B7F00D1461F /* LearnContentListViewController.swift in Sources */,
				CCE373101E8D32F800B79352 /* SidebarTableViewCell.swift in Sources */,
				CCEFCFB01E8D3D7500E9FC72 /* SidebarViewController.swift in Sources */,
				CB2880341E7144E60067890A /* CollectionUpdate.swift in Sources */,
				CC4D1D801E82EDE700B8D75E /* MeSectionCoordinator.swift in Sources */,
				CCEA22A51E8AC53E003D0CF4 /* PrepareCheckListViewModel.swift in Sources */,
				CB8A15311E76F31B0023B2F9 /* PageTrackable.swift in Sources */,
				CB2880241E7051710067890A /* AppCoordinator.swift in Sources */,
			);
			runOnlyForDeploymentPostprocessing = 0;
		};
		CBB237FC1E6FFF1200AB5AEF /* Sources */ = {
			isa = PBXSourcesBuildPhase;
			buildActionMask = 2147483647;
			files = (
				CB1E4FDB1E80225800287613 /* EKParticipantTypeTests.swift in Sources */,
				CBDB990A1E7BEECC003EC73F /* MockEventStore.swift in Sources */,
				CBDB98F91E7BD26A003EC73F /* Realm+TestUtils.swift in Sources */,
				CBDB99121E7BFEED003EC73F /* MockCalendarEventParticipantData.swift in Sources */,
				CB1E4FDD1E8024E900287613 /* EKEventStatusTests.swift in Sources */,
				CBDB98F71E7BD192003EC73F /* CalendarImportTaskTests.swift in Sources */,
				CBDB990C1E7BEEDA003EC73F /* MockCalendarEventData.swift in Sources */,
				CB8A15351E77DB3B0023B2F9 /* PageEventTests.swift in Sources */,
			);
			runOnlyForDeploymentPostprocessing = 0;
		};
/* End PBXSourcesBuildPhase section */

/* Begin PBXTargetDependency section */
		CBB238021E6FFF1200AB5AEF /* PBXTargetDependency */ = {
			isa = PBXTargetDependency;
			target = CBB237EB1E6FFF1200AB5AEF /* QOT */;
			targetProxy = CBB238011E6FFF1200AB5AEF /* PBXContainerItemProxy */;
		};
/* End PBXTargetDependency section */

/* Begin PBXVariantGroup section */
		CBB237F81E6FFF1200AB5AEF /* LaunchScreen.storyboard */ = {
			isa = PBXVariantGroup;
			children = (
				CBB237F91E6FFF1200AB5AEF /* Base */,
			);
			name = LaunchScreen.storyboard;
			path = .;
			sourceTree = "<group>";
		};
/* End PBXVariantGroup section */

/* Begin XCBuildConfiguration section */
		CBB238071E6FFF1300AB5AEF /* Debug */ = {
			isa = XCBuildConfiguration;
			buildSettings = {
				ALWAYS_SEARCH_USER_PATHS = NO;
				CLANG_ANALYZER_NONNULL = YES;
				CLANG_CXX_LANGUAGE_STANDARD = "gnu++0x";
				CLANG_CXX_LIBRARY = "libc++";
				CLANG_ENABLE_MODULES = YES;
				CLANG_ENABLE_OBJC_ARC = YES;
				CLANG_WARN_BOOL_CONVERSION = YES;
				CLANG_WARN_CONSTANT_CONVERSION = YES;
				CLANG_WARN_DIRECT_OBJC_ISA_USAGE = YES_ERROR;
				CLANG_WARN_DOCUMENTATION_COMMENTS = YES;
				CLANG_WARN_EMPTY_BODY = YES;
				CLANG_WARN_ENUM_CONVERSION = YES;
				CLANG_WARN_INFINITE_RECURSION = YES;
				CLANG_WARN_INT_CONVERSION = YES;
				CLANG_WARN_OBJC_ROOT_CLASS = YES_ERROR;
				CLANG_WARN_SUSPICIOUS_MOVE = YES;
				CLANG_WARN_UNREACHABLE_CODE = YES;
				CLANG_WARN__DUPLICATE_METHOD_MATCH = YES;
				"CODE_SIGN_IDENTITY[sdk=iphoneos*]" = "iPhone Developer";
				COPY_PHASE_STRIP = NO;
				DEBUG_INFORMATION_FORMAT = dwarf;
				ENABLE_STRICT_OBJC_MSGSEND = YES;
				ENABLE_TESTABILITY = YES;
				GCC_C_LANGUAGE_STANDARD = gnu99;
				GCC_DYNAMIC_NO_PIC = NO;
				GCC_NO_COMMON_BLOCKS = YES;
				GCC_OPTIMIZATION_LEVEL = 0;
				GCC_PREPROCESSOR_DEFINITIONS = (
					"DEBUG=1",
					"$(inherited)",
				);
				GCC_WARN_64_TO_32_BIT_CONVERSION = YES;
				GCC_WARN_ABOUT_RETURN_TYPE = YES_ERROR;
				GCC_WARN_UNDECLARED_SELECTOR = YES;
				GCC_WARN_UNINITIALIZED_AUTOS = YES_AGGRESSIVE;
				GCC_WARN_UNUSED_FUNCTION = YES;
				GCC_WARN_UNUSED_VARIABLE = YES;
				IPHONEOS_DEPLOYMENT_TARGET = 10.2;
				MTL_ENABLE_DEBUG_INFO = YES;
				ONLY_ACTIVE_ARCH = YES;
				SDKROOT = iphoneos;
				SWIFT_ACTIVE_COMPILATION_CONDITIONS = DEBUG;
				SWIFT_OPTIMIZATION_LEVEL = "-Onone";
				TARGETED_DEVICE_FAMILY = "1,2";
			};
			name = Debug;
		};
		CBB238081E6FFF1300AB5AEF /* Release */ = {
			isa = XCBuildConfiguration;
			buildSettings = {
				ALWAYS_SEARCH_USER_PATHS = NO;
				CLANG_ANALYZER_NONNULL = YES;
				CLANG_CXX_LANGUAGE_STANDARD = "gnu++0x";
				CLANG_CXX_LIBRARY = "libc++";
				CLANG_ENABLE_MODULES = YES;
				CLANG_ENABLE_OBJC_ARC = YES;
				CLANG_WARN_BOOL_CONVERSION = YES;
				CLANG_WARN_CONSTANT_CONVERSION = YES;
				CLANG_WARN_DIRECT_OBJC_ISA_USAGE = YES_ERROR;
				CLANG_WARN_DOCUMENTATION_COMMENTS = YES;
				CLANG_WARN_EMPTY_BODY = YES;
				CLANG_WARN_ENUM_CONVERSION = YES;
				CLANG_WARN_INFINITE_RECURSION = YES;
				CLANG_WARN_INT_CONVERSION = YES;
				CLANG_WARN_OBJC_ROOT_CLASS = YES_ERROR;
				CLANG_WARN_SUSPICIOUS_MOVE = YES;
				CLANG_WARN_UNREACHABLE_CODE = YES;
				CLANG_WARN__DUPLICATE_METHOD_MATCH = YES;
				"CODE_SIGN_IDENTITY[sdk=iphoneos*]" = "iPhone Developer";
				COPY_PHASE_STRIP = NO;
				DEBUG_INFORMATION_FORMAT = "dwarf-with-dsym";
				ENABLE_NS_ASSERTIONS = NO;
				ENABLE_STRICT_OBJC_MSGSEND = YES;
				GCC_C_LANGUAGE_STANDARD = gnu99;
				GCC_NO_COMMON_BLOCKS = YES;
				GCC_WARN_64_TO_32_BIT_CONVERSION = YES;
				GCC_WARN_ABOUT_RETURN_TYPE = YES_ERROR;
				GCC_WARN_UNDECLARED_SELECTOR = YES;
				GCC_WARN_UNINITIALIZED_AUTOS = YES_AGGRESSIVE;
				GCC_WARN_UNUSED_FUNCTION = YES;
				GCC_WARN_UNUSED_VARIABLE = YES;
				IPHONEOS_DEPLOYMENT_TARGET = 10.2;
				MTL_ENABLE_DEBUG_INFO = NO;
				SDKROOT = iphoneos;
				SWIFT_OPTIMIZATION_LEVEL = "-Owholemodule";
				TARGETED_DEVICE_FAMILY = "1,2";
				VALIDATE_PRODUCT = YES;
			};
			name = Release;
		};
		CBB2380A1E6FFF1300AB5AEF /* Debug */ = {
			isa = XCBuildConfiguration;
			baseConfigurationReference = 42795728C4F3229DFB18981E /* Pods-QOT.debug.xcconfig */;
			buildSettings = {
				ASSETCATALOG_COMPILER_APPICON_NAME = AppIcon;
				DEVELOPMENT_TEAM = PA7U84NCWZ;
				FRAMEWORK_SEARCH_PATHS = "$(inherited)";
				INFOPLIST_FILE = QOT/Info.plist;
				LD_RUNPATH_SEARCH_PATHS = "$(inherited) @executable_path/Frameworks";
				PRODUCT_BUNDLE_IDENTIFIER = com.tignum.QOT;
				PRODUCT_NAME = "$(TARGET_NAME)";
				SWIFT_VERSION = 3.0;
			};
			name = Debug;
		};
		CBB2380B1E6FFF1300AB5AEF /* Release */ = {
			isa = XCBuildConfiguration;
			baseConfigurationReference = 2F1C8D6D4864F462A3F805BB /* Pods-QOT.release.xcconfig */;
			buildSettings = {
				ASSETCATALOG_COMPILER_APPICON_NAME = AppIcon;
				DEVELOPMENT_TEAM = PA7U84NCWZ;
				FRAMEWORK_SEARCH_PATHS = "$(inherited)";
				INFOPLIST_FILE = QOT/Info.plist;
				LD_RUNPATH_SEARCH_PATHS = "$(inherited) @executable_path/Frameworks";
				PRODUCT_BUNDLE_IDENTIFIER = com.tignum.QOT;
				PRODUCT_NAME = "$(TARGET_NAME)";
				SWIFT_VERSION = 3.0;
			};
			name = Release;
		};
		CBB2380D1E6FFF1300AB5AEF /* Debug */ = {
			isa = XCBuildConfiguration;
			baseConfigurationReference = 97F1D8A9256524F33CBB9303 /* Pods-QOTTests.debug.xcconfig */;
			buildSettings = {
				ALWAYS_EMBED_SWIFT_STANDARD_LIBRARIES = YES;
				BUNDLE_LOADER = "$(TEST_HOST)";
				INFOPLIST_FILE = QOTTests/Info.plist;
				LD_RUNPATH_SEARCH_PATHS = "$(inherited) @executable_path/Frameworks @loader_path/Frameworks";
				PRODUCT_BUNDLE_IDENTIFIER = com.tignum.QOTTests;
				PRODUCT_NAME = "$(TARGET_NAME)";
				SWIFT_VERSION = 3.0;
				TEST_HOST = "$(BUILT_PRODUCTS_DIR)/QOT.app/QOT";
			};
			name = Debug;
		};
		CBB2380E1E6FFF1300AB5AEF /* Release */ = {
			isa = XCBuildConfiguration;
			baseConfigurationReference = 5C87601C1FE7F833DF0D7A6B /* Pods-QOTTests.release.xcconfig */;
			buildSettings = {
				ALWAYS_EMBED_SWIFT_STANDARD_LIBRARIES = YES;
				BUNDLE_LOADER = "$(TEST_HOST)";
				INFOPLIST_FILE = QOTTests/Info.plist;
				LD_RUNPATH_SEARCH_PATHS = "$(inherited) @executable_path/Frameworks @loader_path/Frameworks";
				PRODUCT_BUNDLE_IDENTIFIER = com.tignum.QOTTests;
				PRODUCT_NAME = "$(TARGET_NAME)";
				SWIFT_VERSION = 3.0;
				TEST_HOST = "$(BUILT_PRODUCTS_DIR)/QOT.app/QOT";
			};
			name = Release;
		};
/* End XCBuildConfiguration section */

/* Begin XCConfigurationList section */
		CBB237E71E6FFF1200AB5AEF /* Build configuration list for PBXProject "QOT" */ = {
			isa = XCConfigurationList;
			buildConfigurations = (
				CBB238071E6FFF1300AB5AEF /* Debug */,
				CBB238081E6FFF1300AB5AEF /* Release */,
			);
			defaultConfigurationIsVisible = 0;
			defaultConfigurationName = Release;
		};
		CBB238091E6FFF1300AB5AEF /* Build configuration list for PBXNativeTarget "QOT" */ = {
			isa = XCConfigurationList;
			buildConfigurations = (
				CBB2380A1E6FFF1300AB5AEF /* Debug */,
				CBB2380B1E6FFF1300AB5AEF /* Release */,
			);
			defaultConfigurationIsVisible = 0;
			defaultConfigurationName = Release;
		};
		CBB2380C1E6FFF1300AB5AEF /* Build configuration list for PBXNativeTarget "QOTTests" */ = {
			isa = XCConfigurationList;
			buildConfigurations = (
				CBB2380D1E6FFF1300AB5AEF /* Debug */,
				CBB2380E1E6FFF1300AB5AEF /* Release */,
			);
			defaultConfigurationIsVisible = 0;
			defaultConfigurationName = Release;
		};
/* End XCConfigurationList section */
	};
	rootObject = CBB237E41E6FFF1200AB5AEF /* Project object */;
}
